<Project xmlns="http://schemas.microsoft.com/developer/msbuild/2003">
    <PropertyGroup>
        <ProjectGuid>{5310E176-B242-45F3-974B-E93392318CE0}</ProjectGuid>
        <ProjectVersion>14.6</ProjectVersion>
        <FrameworkType>VCL</FrameworkType>
        <MainSource>RH.dpr</MainSource>
        <Base>True</Base>
        <Config Condition="'$(Config)'==''">Debug</Config>
        <Platform Condition="'$(Platform)'==''">Win32</Platform>
        <TargetedPlatforms>1</TargetedPlatforms>
        <AppType>Application</AppType>
    </PropertyGroup>
    <PropertyGroup Condition="'$(Config)'=='Base' or '$(Base)'!=''">
        <Base>true</Base>
    </PropertyGroup>
    <PropertyGroup Condition="('$(Platform)'=='Win32' and '$(Base)'=='true') or '$(Base_Win32)'!=''">
        <Base_Win32>true</Base_Win32>
        <CfgParent>Base</CfgParent>
        <Base>true</Base>
    </PropertyGroup>
    <PropertyGroup Condition="('$(Platform)'=='Win64' and '$(Base)'=='true') or '$(Base_Win64)'!=''">
        <Base_Win64>true</Base_Win64>
        <CfgParent>Base</CfgParent>
        <Base>true</Base>
    </PropertyGroup>
    <PropertyGroup Condition="'$(Config)'=='Debug' or '$(Cfg_1)'!=''">
        <Cfg_1>true</Cfg_1>
        <CfgParent>Base</CfgParent>
        <Base>true</Base>
    </PropertyGroup>
    <PropertyGroup Condition="('$(Platform)'=='Win32' and '$(Cfg_1)'=='true') or '$(Cfg_1_Win32)'!=''">
        <Cfg_1_Win32>true</Cfg_1_Win32>
        <CfgParent>Cfg_1</CfgParent>
        <Cfg_1>true</Cfg_1>
        <Base>true</Base>
    </PropertyGroup>
    <PropertyGroup Condition="'$(Config)'=='Release' or '$(Cfg_2)'!=''">
        <Cfg_2>true</Cfg_2>
        <CfgParent>Base</CfgParent>
        <Base>true</Base>
    </PropertyGroup>
    <PropertyGroup Condition="('$(Platform)'=='Win32' and '$(Cfg_2)'=='true') or '$(Cfg_2_Win32)'!=''">
        <Cfg_2_Win32>true</Cfg_2_Win32>
        <CfgParent>Cfg_2</CfgParent>
        <Cfg_2>true</Cfg_2>
        <Base>true</Base>
    </PropertyGroup>
    <PropertyGroup Condition="'$(Base)'!=''">
        <Icon_MainIcon>$(BDS)\bin\delphi_PROJECTICON.ico</Icon_MainIcon>
        <DCC_Namespace>System;Xml;Data;Datasnap;Web;Soap;Vcl;Vcl.Imaging;Vcl.Touch;Vcl.Samples;Vcl.Shell;$(DCC_Namespace)</DCC_Namespace>
        <DCC_DcuOutput>.\$(Platform)\$(Config)</DCC_DcuOutput>
        <DCC_ExeOutput>.\$(Platform)\$(Config)</DCC_ExeOutput>
        <DCC_E>false</DCC_E>
        <DCC_N>false</DCC_N>
        <DCC_S>false</DCC_S>
        <DCC_F>false</DCC_F>
        <DCC_K>false</DCC_K>
    </PropertyGroup>
    <PropertyGroup Condition="'$(Base_Win32)'!=''">
        <VerInfo_Locale>1033</VerInfo_Locale>
        <Manifest_File>$(BDS)\bin\default_app.manifest</Manifest_File>
        <DCC_Namespace>Winapi;System.Win;Data.Win;Datasnap.Win;Web.Win;Soap.Win;Xml.Win;Bde;$(DCC_Namespace)</DCC_Namespace>
        <DCC_UsePackage>dxBarRS18;dxPSCoreRS18;dxSkinOffice2007GreenRS18;dxPScxPCProdRS18;dxSkinBlueRS18;cxTreeListRS18;frxDB18;dxDockingRS18;dxThemeRS18;dxPSdxOCLnkRS18;dxSkinsdxRibbonPainterRS18;rbDBE1518;dxSkinOffice2007BlueRS18;DBXInterBaseDriver;DataSnapServer;DataSnapCommon;cxTreeListdxBarPopupMenuRS18;dxSkinsdxBarPainterRS18;rbUSERDesign1518;DbxCommonDriver;vclimg;dbxcds;DatasnapConnectorsFreePascal;rbRAP1518;dxSkinscxPCPainterRS18;vcldb;dxSkinDarkRoomRS18;cxExportRS18;dcldxSkinsCoreRS18;CustomIPTransport;dxSkinBlueprintRS18;rbCIDE1518;dsnap;IndyIPServer;dxSkinOffice2010BlueRS18;IndyCore;dclRBE1518;cxVerticalGridRS18;CloudService;dxPSdxDBOCLnkRS18;FmxTeeUI;dxADOServerModeRS18;dxSkinDarkSideRS18;dxPScxExtCommonRS18;cxEditorsRS18;cxSchedulerRS18;dxSpellCheckerRS18;cxPageControldxBarPopupMenuRS18;rbRCL1518;dxPScxVGridLnkRS18;dxSkinSharpPlusRS18;dxSkinValentineRS18;rbUSER1518;dxRibbonRS18;RtmRxBDE180;dxSkinGlassOceansRS18;bindcompfmx;vcldbx;cxBarEditItemRS18;cxPageControlRS18;dxSkinSharpRS18;dbrtl;dxSkinDevExpressDarkStyleRS18;bindcomp;inetdb;dxSkinXmas2008BlueRS18;rbDIDE1518;DBXOdbcDriver;xmlrtl;dxBarExtItemsRS18;frxe18;dxSkinLiquidSkyRS18;dclRBDBE1518;dxSkinOffice2013WhiteRS18;vclactnband;bindengine;soaprtl;FMXTee;dxSkinPumpkinRS18;bindcompvcl;dxPsPrVwAdvRS18;cxSpreadSheetRS18;cxPivotGridRS18;vclie;dxmdsRS18;dxBarDBNavRS18;dxComnRS18;dxBarExtDBItemsRS18;DBXInformixDriver;dxPScxSchedulerLnkRS18;Intraweb;dxNavBarRS18;dsnapcon;DBXFirebirdDriver;dxPSTeeChartRS18;inet;dxSkinscxSchedulerPainterRS18;dxPScxCommonRS18;rbADO1518;dxSkinWhiteprintRS18;vclx;DBXSybaseASADriver;dxorgcRS18;rbDBDE1518;dbexpress;dxSkinOffice2007BlackRS18;dxSkinSummer2008RS18;dxSkinBlackRS18;IndyIPClient;vclZipForged18;dxGDIPlusRS18;dxSkinCoffeeRS18;dxLayoutControlRS18;dxSkinMoneyTwinsRS18;dxSkinVS2010RS18;DBXSqliteDriver;tmswizdXE4;fmx;IndySystem;TeeDB;frx18;rbIDE1518;inetdbbde;dxPScxTLLnkRS18;DataSnapClient;cxSchedulerGridRS18;dxtrmdRS18;DataSnapProviderClient;DBXSybaseASEDriver;dclZipForged18;dxSkinSilverRS18;dxTabbedMDIRS18;MetropolisUILiveTile;dxPSLnksRS18;vcldsnap;dxPScxPivotGridLnkRS18;DBXDb2Driver;rbDAD1518;dxSkinOffice2010SilverRS18;dxPScxSSLnkRS18;DBXOracleDriver;dxServerModeRS18;vclribbon;dxdborRS18;dxSkinsdxDLPainterRS18;fmxase;vcl;IndyIPCommon;DBXMSSQLDriver;CodeSiteExpressPkg;RtmRxDB180;cxPivotGridChartRS18;rbDB1518;rbBDE1518;inetdbxpress;webdsnap;dxPScxGridLnkRS18;dxSkinsCoreRS18;dxSkinLondonLiquidSkyRS18;cxLibraryRS18;adortl;dxSkinDevExpressStyleRS18;dxSkinTheAsphaltWorldRS18;dxSkinSpringTimeRS18;dxSkinHighContrastRS18;dxPSdxDBTVLnkRS18;RtmRxCtl180;tmsdXE4;dxSkinCaramelRS18;dxSkinOffice2007SilverRS18;rtl;DbxClientDriver;QExport4RT_D18;Tee;dxSkinStardustRS18;rbTCUI1518;svnui;QImport3RT_D18;rbTC1518;dxDBXServerModeRS18;IndyProtocols;DBXMySQLDriver;dxSkiniMaginaryRS18;dxFlowChartRS18;bindcompdbx;TeeUI;dclRBBDE1518;dxSkinMcSkinRS18;vcltouch;dxPSPrVwRibbonRS18;websnap;tmsexdXE4;dxSkinOffice2007PinkRS18;dxPSdxFCLnkRS18;VclSmp;cxGridRS18;dxSkinSevenRS18;dxSkinOffice2010BlackRS18;cxSchedulerTreeBrowserRS18;DataSnapConnectors;dxPSDBTeeChartRS18;dxdbtrRS18;tmsxlsdXE4;rbRIDE1518;dxCoreRS18;fmxobj;dxSkinFoggyRS18;dxSkinSevenClassicRS18;dclRBADO1518;dxSkinsdxNavBarPainterRS18;svn;dxSkinLilianRS18;dxPSdxLCLnkRS18;fmxdae;cxPivotGridOLAPRS18;cxDataRS18;bdertl;DataSnapIndy10ServerTransport;$(DCC_UsePackage)</DCC_UsePackage>
        <VerInfo_Keys>CompanyName=;FileDescription=;FileVersion=1.0.0.0;InternalName=;LegalCopyright=;LegalTrademarks=;OriginalFilename=;ProductName=;ProductVersion=1.0.0.0;Comments=</VerInfo_Keys>
        <VerInfo_IncludeVerInfo>true</VerInfo_IncludeVerInfo>
    </PropertyGroup>
    <PropertyGroup Condition="'$(Base_Win64)'!=''">
        <DCC_UsePackage>dxBarRS18;dxPSCoreRS18;dxSkinOffice2007GreenRS18;dxPScxPCProdRS18;dxSkinBlueRS18;cxTreeListRS18;dxDockingRS18;dxThemeRS18;dxPSdxOCLnkRS18;dxSkinsdxRibbonPainterRS18;dxSkinOffice2007BlueRS18;DBXInterBaseDriver;DataSnapServer;DataSnapCommon;cxTreeListdxBarPopupMenuRS18;dxSkinsdxBarPainterRS18;DbxCommonDriver;vclimg;dbxcds;DatasnapConnectorsFreePascal;dxSkinscxPCPainterRS18;vcldb;dxSkinDarkRoomRS18;cxExportRS18;dcldxSkinsCoreRS18;CustomIPTransport;dxSkinBlueprintRS18;dsnap;IndyIPServer;dxSkinOffice2010BlueRS18;IndyCore;cxVerticalGridRS18;CloudService;dxPSdxDBOCLnkRS18;FmxTeeUI;dxADOServerModeRS18;dxSkinDarkSideRS18;dxPScxExtCommonRS18;cxEditorsRS18;cxSchedulerRS18;dxSpellCheckerRS18;cxPageControldxBarPopupMenuRS18;dxPScxVGridLnkRS18;dxSkinSharpPlusRS18;dxSkinValentineRS18;dxRibbonRS18;dxSkinGlassOceansRS18;bindcompfmx;cxBarEditItemRS18;cxPageControlRS18;dxSkinSharpRS18;dbrtl;dxSkinDevExpressDarkStyleRS18;bindcomp;inetdb;dxSkinXmas2008BlueRS18;DBXOdbcDriver;xmlrtl;dxBarExtItemsRS18;dxSkinLiquidSkyRS18;dxSkinOffice2013WhiteRS18;vclactnband;bindengine;soaprtl;FMXTee;dxSkinPumpkinRS18;bindcompvcl;dxPsPrVwAdvRS18;cxSpreadSheetRS18;cxPivotGridRS18;vclie;dxmdsRS18;dxBarDBNavRS18;dxComnRS18;dxBarExtDBItemsRS18;DBXInformixDriver;dxPScxSchedulerLnkRS18;Intraweb;dxNavBarRS18;dsnapcon;DBXFirebirdDriver;dxPSTeeChartRS18;inet;dxSkinscxSchedulerPainterRS18;dxPScxCommonRS18;dxSkinWhiteprintRS18;vclx;DBXSybaseASADriver;dxorgcRS18;dbexpress;dxSkinOffice2007BlackRS18;dxSkinSummer2008RS18;dxSkinBlackRS18;IndyIPClient;vclZipForged18;dxGDIPlusRS18;dxSkinCoffeeRS18;dxLayoutControlRS18;dxSkinMoneyTwinsRS18;dxSkinVS2010RS18;DBXSqliteDriver;fmx;IndySystem;TeeDB;dxPScxTLLnkRS18;DataSnapClient;cxSchedulerGridRS18;dxtrmdRS18;DataSnapProviderClient;DBXSybaseASEDriver;dxSkinSilverRS18;dxTabbedMDIRS18;MetropolisUILiveTile;dxPSLnksRS18;vcldsnap;dxPScxPivotGridLnkRS18;DBXDb2Driver;dxSkinOffice2010SilverRS18;dxPScxSSLnkRS18;DBXOracleDriver;dxServerModeRS18;vclribbon;dxdborRS18;dxSkinsdxDLPainterRS18;fmxase;vcl;IndyIPCommon;DBXMSSQLDriver;cxPivotGridChartRS18;inetdbxpress;webdsnap;dxPScxGridLnkRS18;dxSkinsCoreRS18;dxSkinLondonLiquidSkyRS18;cxLibraryRS18;adortl;dxSkinDevExpressStyleRS18;dxSkinTheAsphaltWorldRS18;dxSkinSpringTimeRS18;dxSkinHighContrastRS18;dxPSdxDBTVLnkRS18;dxSkinCaramelRS18;dxSkinOffice2007SilverRS18;rtl;DbxClientDriver;Tee;dxSkinStardustRS18;dxDBXServerModeRS18;IndyProtocols;DBXMySQLDriver;dxSkiniMaginaryRS18;dxFlowChartRS18;bindcompdbx;TeeUI;dxSkinMcSkinRS18;vcltouch;dxPSPrVwRibbonRS18;websnap;dxSkinOffice2007PinkRS18;dxPSdxFCLnkRS18;VclSmp;cxGridRS18;dxSkinSevenRS18;dxSkinOffice2010BlackRS18;cxSchedulerTreeBrowserRS18;DataSnapConnectors;dxPSDBTeeChartRS18;dxdbtrRS18;dxCoreRS18;fmxobj;dxSkinFoggyRS18;dxSkinSevenClassicRS18;dxSkinsdxNavBarPainterRS18;dxSkinLilianRS18;dxPSdxLCLnkRS18;fmxdae;cxPivotGridOLAPRS18;cxDataRS18;DataSnapIndy10ServerTransport;$(DCC_UsePackage)</DCC_UsePackage>
    </PropertyGroup>
    <PropertyGroup Condition="'$(Cfg_1)'!=''">
        <DCC_Define>DEBUG;$(DCC_Define)</DCC_Define>
        <DCC_DebugDCUs>true</DCC_DebugDCUs>
        <DCC_Optimize>false</DCC_Optimize>
        <DCC_GenerateStackFrames>true</DCC_GenerateStackFrames>
        <DCC_DebugInfoInExe>true</DCC_DebugInfoInExe>
        <DCC_RemoteDebug>true</DCC_RemoteDebug>
    </PropertyGroup>
    <PropertyGroup Condition="'$(Cfg_1_Win32)'!=''">
        <DCC_RemoteDebug>false</DCC_RemoteDebug>
    </PropertyGroup>
    <PropertyGroup Condition="'$(Cfg_2)'!=''">
        <DCC_LocalDebugSymbols>false</DCC_LocalDebugSymbols>
        <DCC_Define>RELEASE;$(DCC_Define)</DCC_Define>
        <DCC_SymbolReferenceInfo>0</DCC_SymbolReferenceInfo>
        <DCC_DebugInformation>false</DCC_DebugInformation>
    </PropertyGroup>
    <PropertyGroup Condition="'$(Cfg_2_Win32)'!=''">
        <VerInfo_Release>2</VerInfo_Release>
        <VerInfo_Locale>2058</VerInfo_Locale>
        <VerInfo_AutoIncVersion>true</VerInfo_AutoIncVersion>
        <VerInfo_IncludeVerInfo>true</VerInfo_IncludeVerInfo>
        <VerInfo_Build>306</VerInfo_Build>
        <VerInfo_Keys>CompanyName=;FileDescription=;FileVersion=1.0.2.306;InternalName=;LegalCopyright=;LegalTrademarks=;OriginalFilename=;ProductName=;ProductVersion=1.0.0.0;Comments=</VerInfo_Keys>
    </PropertyGroup>
    <ItemGroup>
        <DelphiCompile Include="$(MainSource)">
            <MainSource>MainSource</MainSource>
        </DelphiCompile>
        <DCCReference Include="Standard\_MainRibbonForm.pas">
            <Form>_frmMainRibbon</Form>
        </DCCReference>
        <DCCReference Include="Standard\_AboutForm.pas">
            <Form>_frmAbout</Form>
        </DCCReference>
        <DCCReference Include="Standard\_ConectionDmod.pas">
            <Form>_dmConection</Form>
            <DesignClass>TDataModule</DesignClass>
        </DCCReference>
        <DCCReference Include="Standard\_LoginForm.pas">
            <Form>_frmLogin</Form>
        </DCCReference>
        <DCCReference Include="Standard\_MainForm.pas">
            <Form>_frmMain</Form>
        </DCCReference>
        <DCCReference Include="Standard\_ProgressForm.pas">
            <Form>_frmProgress</Form>
        </DCCReference>
        <DCCReference Include="Standard\_ProviderDMod.pas">
            <Form>_dmProvider</Form>
            <DesignClass>TDataModule</DesignClass>
        </DCCReference>
        <DCCReference Include="Standard\_GridForm.pas">
            <Form>_frmGrid</Form>
        </DCCReference>
        <DCCReference Include="Standard\_EditForm.pas">
            <Form>_frmEdit</Form>
        </DCCReference>
        <DCCReference Include="Standard\_StandarDMod.pas">
            <Form>_dmStandar</Form>
            <DesignClass>TDataModule</DesignClass>
        </DCCReference>
        <DCCReference Include="Standard\_StandarForm.pas">
            <Form>_StandarFrm</Form>
        </DCCReference>
        <DCCReference Include="Standard\_StandarGridForm.pas">
            <Form>_frmStandarGrid</Form>
        </DCCReference>
        <DCCReference Include="Standard\_SplashForm.pas">
            <Form>_frmSplash</Form>
        </DCCReference>
        <DCCReference Include="Standard\_Utils.pas"/>
        <DCCReference Include="Standard\_DualListDM.pas">
            <Form>_dmDualList</Form>
            <DesignClass>TDataModule</DesignClass>
        </DCCReference>
        <DCCReference Include="Standard\_DualListForm.pas">
            <Form>_frmDualList</Form>
        </DCCReference>
        <DCCReference Include="Standard\_ReportDMod.pas">
            <Form>_dmReport</Form>
            <DesignClass>TDataModule</DesignClass>
        </DCCReference>
        <DCCReference Include="Standard\_ReportForm.pas">
            <Form>_frmReport</Form>
        </DCCReference>
        <DCCReference Include="MainForm.pas">
            <Form>frmMain</Form>
        </DCCReference>
        <DCCReference Include="Catalogos\UbicacionesDM.pas">
            <Form>dmUbicaciones</Form>
            <DesignClass>TDataModule</DesignClass>
        </DCCReference>
        <DCCReference Include="Catalogos\PaisesForm.pas">
            <Form>frmPaises</Form>
        </DCCReference>
        <DCCReference Include="Catalogos\PaisForm.pas">
            <Form>frmPais</Form>
        </DCCReference>
        <DCCReference Include="Catalogos\EstadosForm.pas">
            <Form>frmEstados</Form>
        </DCCReference>
        <DCCReference Include="Catalogos\EstadoForm.pas">
            <Form>frmEstado</Form>
        </DCCReference>
        <DCCReference Include="Catalogos\MunicipiosForm.pas">
            <Form>frmMunicipios</Form>
        </DCCReference>
        <DCCReference Include="Catalogos\MunicipioForm.pas">
            <Form>frmMunicipio</Form>
        </DCCReference>
        <DCCReference Include="Catalogos\PoblacionesForm.pas">
            <Form>frmPoblaciones</Form>
        </DCCReference>
        <DCCReference Include="Catalogos\PoblacionForm.pas">
            <Form>frmPoblacion</Form>
        </DCCReference>
        <DCCReference Include="Catalogos\BancoForm.pas">
            <Form>frmBanco</Form>
        </DCCReference>
        <DCCReference Include="Catalogos\BancosDM.pas">
            <Form>dmBancos</Form>
            <DesignClass>TDataModule</DesignClass>
        </DCCReference>
        <DCCReference Include="Catalogos\BancosForm.pas">
            <Form>frmBancos</Form>
        </DCCReference>
        <DCCReference Include="Catalogos\MonedasDM.pas">
            <Form>dmMonedas</Form>
            <DesignClass>TDataModule</DesignClass>
        </DCCReference>
        <DCCReference Include="Catalogos\MonedaForm.pas">
            <Form>frmMoneda</Form>
        </DCCReference>
        <DCCReference Include="Catalogos\MonedasForm.pas">
            <Form>frmMonedas</Form>
        </DCCReference>
        <DCCReference Include="Catalogos\UnidadesNegocioEdit.pas">
            <Form>frmUnidadesNegocioEdit</Form>
        </DCCReference>
        <DCCReference Include="Catalogos\UnidadesNegocioForm.pas">
            <Form>frmUnidadesNegocio</Form>
        </DCCReference>
        <DCCReference Include="Catalogos\PuestosDM.pas">
            <Form>dmPuestos</Form>
            <DesignClass>TDataModule</DesignClass>
        </DCCReference>
        <DCCReference Include="Catalogos\GerenciaForm.pas">
            <Form>frmGerencia</Form>
        </DCCReference>
        <DCCReference Include="Catalogos\GerenciasForm.pas">
            <Form>frmGerencias</Form>
        </DCCReference>
        <DCCReference Include="Catalogos\DepartamentoForm.pas">
            <Form>frmDepartamento</Form>
        </DCCReference>
        <DCCReference Include="Catalogos\DepartamentosForm.pas">
            <Form>frmDepartamentos</Form>
        </DCCReference>
        <DCCReference Include="Catalogos\PuestosEdit.pas">
            <Form>frmPuestosEdit</Form>
        </DCCReference>
        <DCCReference Include="Catalogos\PuestosForm.pas">
            <Form>frmPuestos</Form>
        </DCCReference>
        <DCCReference Include="Catalogos\PlazasDM.pas">
            <Form>dmPlazas</Form>
            <DesignClass>TDataModule</DesignClass>
        </DCCReference>
        <DCCReference Include="Catalogos\PlazasForm.pas">
            <Form>frmPlazas</Form>
        </DCCReference>
        <DCCReference Include="Catalogos\PlazasEdit.pas">
            <Form>frmPlazasEdit</Form>
        </DCCReference>
        <DCCReference Include="Catalogos\PuestosPerfilesDM.pas">
            <Form>dmPuestosPerfiles</Form>
            <DesignClass>TDataModule</DesignClass>
        </DCCReference>
        <DCCReference Include="Catalogos\PuestoPerfilForm.pas">
            <Form>frmPuestoPerfil</Form>
        </DCCReference>
        <DCCReference Include="Catalogos\PuestosPerfilesForm.pas">
            <Form>frmPuestosPerfiles</Form>
        </DCCReference>
        <DCCReference Include="Catalogos\CapacitacionDM.pas">
            <Form>dmCapacitacion</Form>
            <DesignClass>TDataModule</DesignClass>
        </DCCReference>
        <DCCReference Include="Catalogos\BateriaCapacitacionForm.pas">
            <Form>frmBateriaCapacitacion</Form>
        </DCCReference>
        <DCCReference Include="Catalogos\BateriaCapacitacionesForm.pas">
            <Form>frmBateriasCapacitacion</Form>
        </DCCReference>
        <DCCReference Include="Catalogos\BateriaCapacitacionCursoForm.pas">
            <Form>frmBateriaCapacitacionCurso</Form>
        </DCCReference>
        <DCCReference Include="Catalogos\BateriaCapacitacionCursosForm.pas">
            <Form>frmBateriaCapacitacionCursos</Form>
        </DCCReference>
        <DCCReference Include="Catalogos\BateriaCapacitacionCursoTemaForm.pas">
            <Form>frmBateriaCapacitacionCursosTema</Form>
        </DCCReference>
        <DCCReference Include="Catalogos\BateriaCapacitacionCursosTemasForm.pas">
            <Form>frmBateriaCapacitacionCursosTemas</Form>
        </DCCReference>
        <DCCReference Include="Catalogos\PlazasTurnosDM.pas">
            <Form>dmPlazasTurnos</Form>
            <DesignClass>TDataModule</DesignClass>
        </DCCReference>
        <DCCReference Include="Catalogos\PlazaTurnoForm.pas">
            <Form>frmPlazaTurno</Form>
        </DCCReference>
        <DCCReference Include="Catalogos\PlazasTurnosForm.pas">
            <Form>frmPlazasTurnos</Form>
        </DCCReference>
        <DCCReference Include="Catalogos\EsquemaPagosDM.pas">
            <Form>dmEsquemaPagos</Form>
            <DesignClass>TDataModule</DesignClass>
        </DCCReference>
        <DCCReference Include="Catalogos\EsquemaPagosEdit.pas">
            <Form>frmEsquemaPagosEdit</Form>
        </DCCReference>
        <DCCReference Include="Catalogos\EsquemaPagosForm.pas">
            <Form>frmEsquemaPagos</Form>
        </DCCReference>
        <DCCReference Include="Catalogos\FormulasDM.pas">
            <Form>dmFormulas</Form>
            <DesignClass>TDataModule</DesignClass>
        </DCCReference>
        <DCCReference Include="Catalogos\FormulaForm.pas">
            <Form>frmFormula</Form>
        </DCCReference>
        <DCCReference Include="Catalogos\FormulasForm.pas">
            <Form>frmFormulas</Form>
        </DCCReference>
        <DCCReference Include="Catalogos\ReglasNegocioDM.pas">
            <Form>dmReglasNegocio</Form>
            <DesignClass>TDataModule</DesignClass>
        </DCCReference>
        <DCCReference Include="Catalogos\ReglaNegocioForm.pas">
            <Form>frmReglaNegocio</Form>
        </DCCReference>
        <DCCReference Include="Catalogos\ReglasNegocioForm.pas">
            <Form>frmReglasNegocio</Form>
        </DCCReference>
        <DCCReference Include="Catalogos\DomiciliosDM.pas">
            <Form>dmDomicilios</Form>
            <DesignClass>TDataModule</DesignClass>
        </DCCReference>
        <DCCReference Include="Catalogos\EstablecimientosDM.pas">
            <Form>dmEstablecimientos</Form>
            <DesignClass>TDataModule</DesignClass>
        </DCCReference>
        <DCCReference Include="Catalogos\EstablecimientosEdit.pas">
            <Form>frmEstablecimientosEdit</Form>
        </DCCReference>
        <DCCReference Include="Catalogos\EstablecimientosForm.pas">
            <Form>frmEstablecimientos</Form>
        </DCCReference>
        <DCCReference Include="Catalogos\Monedas2DM.pas">
            <Form>dmMonedas2</Form>
            <DesignClass>TDataModule</DesignClass>
        </DCCReference>
        <DCCReference Include="Catalogos\Puestos2DM.pas">
            <Form>dmPuestos2</Form>
            <DesignClass>TDataModule</DesignClass>
        </DCCReference>
        <DCCReference Include="Catalogos\DomiciliosEdit.pas">
            <Form>frmDomiciliosEdit</Form>
        </DCCReference>
        <DCCReference Include="Catalogos\DomiciliosForm.pas">
            <Form>frmDomicilios</Form>
        </DCCReference>
        <DCCReference Include="Catalogos\MovimientosTiposDM.pas">
            <Form>dmMovimientosTipo</Form>
            <DesignClass>TDataModule</DesignClass>
        </DCCReference>
        <DCCReference Include="Catalogos\MovimientosTiposEdit.pas">
            <Form>frmMovimientosTipoEdit</Form>
        </DCCReference>
        <DCCReference Include="Catalogos\MovimientosTiposForm.pas">
            <Form>frmMovimientosTipos</Form>
        </DCCReference>
        <DCCReference Include="Catalogos\PersonasDM.pas">
            <Form>dmPersona</Form>
            <DesignClass>TDataModule</DesignClass>
        </DCCReference>
        <DCCReference Include="Catalogos\PersonasEdit.pas">
            <Form>frmPersonasEdit</Form>
        </DCCReference>
        <DCCReference Include="Catalogos\PersonasForm.pas">
            <Form>frmPersonas</Form>
        </DCCReference>
        <DCCReference Include="Catalogos\PuestosCapacitacionesDM.pas">
            <Form>dmPuestosCapacitaciones</Form>
            <DesignClass>TDataModule</DesignClass>
        </DCCReference>
        <DCCReference Include="Catalogos\PuestosCapacitacionesForm.pas">
            <Form>frmPuestosCapacitaciones</Form>
        </DCCReference>
        <DCCReference Include="Catalogos\EsquemaPagosMovimientosTiposDM.pas">
            <Form>dmEsquemaPagosMovimientosTipos</Form>
            <DesignClass>TDataModule</DesignClass>
        </DCCReference>
        <DCCReference Include="Catalogos\EsquemaPagosMovimientosTiposForm.pas">
            <Form>frmEsquemaPagosMovimientosTipos</Form>
        </DCCReference>
        <DCCReference Include="Catalogos\RolesEsquemasPagosDM.pas">
            <Form>dmRolesEsquemasPagos</Form>
            <DesignClass>TDataModule</DesignClass>
        </DCCReference>
        <DCCReference Include="Catalogos\RolesEsquemasPagosForm.pas">
            <Form>frmRolesEsquemasPagos</Form>
        </DCCReference>
        <DCCReference Include="Catalogos\PersonasDomiciliosDM.pas">
            <Form>dmPersonasDomicilios</Form>
            <DesignClass>TDataModule</DesignClass>
        </DCCReference>
        <DCCReference Include="Catalogos\RolesDM.pas">
            <Form>dmRoles</Form>
            <DesignClass>TDataModule</DesignClass>
        </DCCReference>
        <DCCReference Include="Catalogos\RolesForm.pas">
            <Form>frmRoles</Form>
        </DCCReference>
        <DCCReference Include="Catalogos\RolesEdit.pas">
            <Form>frmRolesEdit</Form>
        </DCCReference>
        <DCCReference Include="Catalogos\PersonasDomiciliosForm.pas">
            <Form>frmPersonasDomicilios</Form>
        </DCCReference>
        <DCCReference Include="Catalogos\PersonasDomiciliosEdit.pas">
            <Form>frmPersonasDomiciliosEdit</Form>
        </DCCReference>
        <DCCReference Include="Catalogos\TelefonosDM.pas">
            <Form>dmTelefonos</Form>
            <DesignClass>TDataModule</DesignClass>
        </DCCReference>
        <DCCReference Include="Catalogos\TelefonosEdit.pas">
            <Form>frmTelefonosEdit</Form>
        </DCCReference>
        <DCCReference Include="Catalogos\TelefonosForm.pas">
            <Form>frmTelefonos</Form>
        </DCCReference>
        <DCCReference Include="Catalogos\EmailsDM.pas">
            <Form>dmEmails</Form>
            <DesignClass>TDataModule</DesignClass>
        </DCCReference>
        <DCCReference Include="Catalogos\EmailsEdit.pas">
            <Form>frmEmailsEdit</Form>
        </DCCReference>
        <DCCReference Include="Catalogos\EmailsForm.pas">
            <Form>frmEmails</Form>
        </DCCReference>
        <DCCReference Include="Catalogos\PersonasRolesEdit.pas">
            <Form>frmPersonaRolesEdit</Form>
        </DCCReference>
        <DCCReference Include="Catalogos\PersonasRolesForm.pas">
            <Form>frmPersonasRoles</Form>
        </DCCReference>
        <DCCReference Include="Procesos\InstruccionesDM.pas">
            <Form>dmInstrucciones</Form>
            <DesignClass>TDataModule</DesignClass>
        </DCCReference>
        <DCCReference Include="Procesos\InstruccionesForm.pas">
            <Form>frmInstrucciones</Form>
        </DCCReference>
        <DCCReference Include="Procesos\InstruccionesEdit.pas">
            <Form>frmInstruccionesEdit</Form>
        </DCCReference>
        <DCCReference Include="Procesos\ImportXLSDM.pas">
            <Form>dmImportXLS</Form>
            <DesignClass>TDataModule</DesignClass>
        </DCCReference>
        <DCCReference Include="Procesos\ImportXLSForm.pas">
            <Form>frmImportXLS</Form>
        </DCCReference>
        <DCCReference Include="Procesos\VerificarForm.pas">
            <Form>frmVerificar</Form>
        </DCCReference>
        <DCCReference Include="Procesos\IncidenciasDetallesEdit.pas">
            <Form>frmIncidenciaDetallesEdit</Form>
        </DCCReference>
        <DCCReference Include="Procesos\IncidenciasDetallesForm.pas">
            <Form>frmIncidenciasDetalles</Form>
        </DCCReference>
        <DCCReference Include="Procesos\IncidenciasDM.pas">
            <Form>dmIncidencias</Form>
            <DesignClass>TDataModule</DesignClass>
        </DCCReference>
        <DCCReference Include="Procesos\IncidenciasEdit.pas">
            <Form>frmIncidenciasEdit</Form>
        </DCCReference>
        <DCCReference Include="Procesos\IncidenciasForm.pas">
            <Form>frmIncidencias</Form>
        </DCCReference>
        <DCCReference Include="Catalogos\DocumentosDM.pas">
            <Form>dmDocumentos</Form>
            <DesignClass>TDataModule</DesignClass>
        </DCCReference>
        <DCCReference Include="Catalogos\DocumentosEdit.pas">
            <Form>frmDocumentosEdit</Form>
        </DCCReference>
        <DCCReference Include="Catalogos\DocumentosForm.pas">
            <Form>frmDocumentos</Form>
        </DCCReference>
        <DCCReference Include="Catalogos\InstruccionesTiposDM.pas">
            <Form>dmInstruccionesTipos</Form>
            <DesignClass>TDataModule</DesignClass>
        </DCCReference>
        <DCCReference Include="Catalogos\InstruccionesTiposEdit.pas">
            <Form>frmInstruccionesTiposEdit</Form>
        </DCCReference>
        <DCCReference Include="Catalogos\InstruccionesTiposForm.pas">
            <Form>frmInstruccionesTipos</Form>
        </DCCReference>
        <DCCReference Include="Catalogos\PeriodosDM.pas">
            <Form>dmPeriodos</Form>
            <DesignClass>TDataModule</DesignClass>
        </DCCReference>
        <DCCReference Include="Catalogos\PeriodosEdit.pas">
            <Form>frmPeriodosEdit</Form>
        </DCCReference>
        <DCCReference Include="Catalogos\PeriodosForm.pas">
            <Form>frmPeriodos</Form>
        </DCCReference>
        <DCCReference Include="Catalogos\PeriodosCalculo.pas">
            <Form>frmPeriodosCalculo</Form>
        </DCCReference>
        <DCCReference Include="Catalogos\CuentasBancariasEdit.pas">
            <Form>frmCuentasBancariasEdit</Form>
        </DCCReference>
        <DCCReference Include="Catalogos\CuentasBancariasDM.pas">
            <Form>dmCuentasBancarias</Form>
            <DesignClass>TDataModule</DesignClass>
        </DCCReference>
        <DCCReference Include="Catalogos\CuentasBancariasForm.pas">
            <Form>frmCuentasBancarias</Form>
        </DCCReference>
        <DCCReference Include="Catalogos\UsuariosXCuentaBancariaForm.pas">
            <Form>frmUsuariosXCuentaBancaria</Form>
        </DCCReference>
        <DCCReference Include="Catalogos\UsuariosXCuentaBancariaEdit.pas">
            <Form>frmUsuariosXCuentaBancariaEdit</Form>
        </DCCReference>
        <DCCReference Include="Catalogos\CuentasContablesPersonasRolesDM.pas">
            <Form>dmCuentasContablesPersonasRoles</Form>
            <DesignClass>TDataModule</DesignClass>
        </DCCReference>
        <DCCReference Include="Catalogos\CuentasContablesPersonasRolesEdit.pas">
            <Form>frmCuentasContablesPersonasRolesEdit</Form>
        </DCCReference>
        <DCCReference Include="Catalogos\CuentasContablesPersonasRolesForm.pas">
            <Form>frmCuentasContablesPersonasRoles</Form>
        </DCCReference>
        <DCCReference Include="Catalogos\PersonasContactoEdit.pas">
            <Form>frmPersonasContactoEdit</Form>
        </DCCReference>
        <DCCReference Include="Catalogos\PersonasContactoForm.pas">
            <Form>frmPersonasContacto</Form>
        </DCCReference>
        <DCCReference Include="Catalogos\PersonasContactoDM.pas">
            <Form>dmPersonasContacto</Form>
            <DesignClass>TDataModule</DesignClass>
        </DCCReference>
        <DCCReference Include="Procesos\MovimientosDM.pas">
            <Form>dmMovimientos</Form>
            <DesignClass>TDataModule</DesignClass>
        </DCCReference>
        <DCCReference Include="Procesos\MovimientosFrm.pas">
            <Form>frmMovimientos</Form>
        </DCCReference>
        <DCCReference Include="Procesos\MovimientosEdit.pas">
            <Form>frmMovimientosEdit</Form>
        </DCCReference>
        <DCCReference Include="Procesos\MovimientosDetalleFrm.pas">
            <Form>frmMovimientosDetalle</Form>
        </DCCReference>
        <DCCReference Include="Procesos\MovimientosDetalleEdit.pas">
            <Form>frmMovimientosDetalleEdit</Form>
        </DCCReference>
        <DCCReference Include="Catalogos\InstruccionesTiposDetalleForm.pas">
            <Form>frmInstruccionesTiposDetalle</Form>
        </DCCReference>
        <DCCReference Include="Catalogos\InstruccionesTiposDetalleEdit.pas">
            <Form>frmInstruccionesTiposDetalleEdit</Form>
        </DCCReference>
        <DCCReference Include="Procesos\InstruccionesPeriodosDM.pas">
            <Form>dmInstruccionesPeriodos</Form>
            <DesignClass>TDataModule</DesignClass>
        </DCCReference>
        <DCCReference Include="Procesos\InstruccionesPeriodosForm.pas">
            <Form>frmInstruccionesPeriodos</Form>
        </DCCReference>
        <DCCReference Include="Catalogos\UbicacionesForm.pas">
            <Form>frmUbicaciones</Form>
        </DCCReference>
        <DCCReference Include="Catalogos\UbicacionesEdit.pas">
            <Form>frmUbicacionesEdit</Form>
        </DCCReference>
        <DCCReference Include="Catalogos\PersonasRolesDocumentosDM.pas">
            <Form>dmPersonasRolesDocumentos</Form>
            <DesignClass>TDataModule</DesignClass>
        </DCCReference>
        <DCCReference Include="Catalogos\PersonasRolesDocumentosForm.pas">
            <Form>frmPersonasRolesDocumentos</Form>
        </DCCReference>
        <DCCReference Include="Catalogos\PersonasRolesCuentasBancariasDM.pas">
            <Form>dmPersonasRolesCuentasBancarias</Form>
            <DesignClass>TDataModule</DesignClass>
        </DCCReference>
        <DCCReference Include="Catalogos\PersonasRolesCuentasBancariasForm.pas">
            <Form>frmPersonasRolesCuentasBancarias</Form>
        </DCCReference>
        <DCCReference Include="Catalogos\PersonasRolesCuentasBancariasEdit.pas">
            <Form>frmPersonasRolesCuentasBancariasEdit</Form>
        </DCCReference>
        <DCCReference Include="Catalogos\UsuariosDM.pas">
            <Form>dmUsuarios</Form>
            <DesignClass>TDataModule</DesignClass>
        </DCCReference>
        <DCCReference Include="Catalogos\UsuariosEdit.pas">
            <Form>frmUsuariosEdit</Form>
        </DCCReference>
        <DCCReference Include="Catalogos\UsuariosForm.pas">
            <Form>frmUsuarios</Form>
        </DCCReference>
        <DCCReference Include="Catalogos\CuentasBancariasDocumentosDM.pas">
            <Form>dmCuentasBancariasDocumentos</Form>
            <DesignClass>TDataModule</DesignClass>
        </DCCReference>
        <DCCReference Include="Catalogos\CuentasBancariasDocumentosForm.pas">
            <Form>frmCuentasBancariasDocumentos</Form>
        </DCCReference>
        <DCCReference Include="Catalogos\CuentasContablesDM.pas">
            <Form>dmCuentasContables</Form>
            <DesignClass>TDataModule</DesignClass>
        </DCCReference>
        <DCCReference Include="Catalogos\CuentasContablesForm.pas">
            <Form>frmCuentasContables</Form>
        </DCCReference>
        <DCCReference Include="Catalogos\CuentasContablesEdit.pas">
            <Form>frmCuentasContablesEdit</Form>
        </DCCReference>
        <DCCReference Include="Catalogos\CuentasInternasDM.pas">
            <Form>dmCuentasInternas</Form>
            <DesignClass>TDataModule</DesignClass>
        </DCCReference>
        <DCCReference Include="Catalogos\CuentasInternasEdit.pas">
            <Form>frmCuentasInternasEdit</Form>
        </DCCReference>
        <DCCReference Include="Catalogos\CuentasInternasForm.pas">
            <Form>frmCuentasInternas</Form>
        </DCCReference>
        <DCCReference Include="Procesos\CuentasXPagarDM.pas">
            <Form>dmCuentasXPagar</Form>
            <DesignClass>TDataModule</DesignClass>
        </DCCReference>
        <DCCReference Include="Procesos\CuentasXPagarForm.pas">
            <Form>frmCuentasXPagar</Form>
        </DCCReference>
        <DCCReference Include="Reportes\RptMovimientosForm.pas">
            <Form>frmRptMovimientos</Form>
            <FormType>dfm</FormType>
        </DCCReference>
        <DCCReference Include="Reportes\RptDetalleMovimientosPersonaDmod.pas">
            <Form>dmDetalleMovimientosPersona</Form>
            <FormType>dfm</FormType>
            <DesignClass>TDataModule</DesignClass>
        </DCCReference>
        <DCCReference Include="Catalogos\CuentasXCobrarConceptosDM.pas">
            <Form>dmCuentasXCobrarConceptos</Form>
            <FormType>dfm</FormType>
            <DesignClass>TDataModule</DesignClass>
        </DCCReference>
        <DCCReference Include="Catalogos\CuentasXCobrarConceptosForm.pas">
            <Form>frmCuentasXCobrarConceptos</Form>
            <FormType>dfm</FormType>
        </DCCReference>
        <DCCReference Include="Catalogos\CuentasXCobrarConceptosEdit.pas">
            <Form>frmCuentasXCobrarConceptosEdit</Form>
            <FormType>dfm</FormType>
        </DCCReference>
        <DCCReference Include="Procesos\MovimientosDDM.pas">
            <Form>dmMovimientosD</Form>
            <FormType>dfm</FormType>
            <DesignClass>TDataModule</DesignClass>
        </DCCReference>
        <DCCReference Include="Procesos\MovimientosDForm.pas">
            <Form>frmMovimientosD</Form>
            <FormType>dfm</FormType>
        </DCCReference>
        <DCCReference Include="Reportes\RptMovimientosPeriodoDM.pas">
            <Form>dmReporteCrossTab</Form>
            <FormType>dfm</FormType>
            <DesignClass>TDataModule</DesignClass>
        </DCCReference>
        <DCCReference Include="Reportes\RptMovimientosPeriodoForm.pas">
            <Form>frmMovimientosPeriodo</Form>
            <FormType>dfm</FormType>
        </DCCReference>
        <DCCReference Include="Procesos\CuentasXPagarPagosForm.pas">
            <Form>frmCuentasXPagarPagos</Form>
            <FormType>dfm</FormType>
        </DCCReference>
        <DCCReference Include="Catalogos\EsquemaPagosPersonasDM.pas">
            <Form>dmEsquemaPagosPersonas</Form>
            <FormType>dfm</FormType>
            <DesignClass>TDataModule</DesignClass>
        </DCCReference>
        <DCCReference Include="Catalogos\EsquemaPagosPersonasForm.pas">
            <Form>frmEsquemaPagosPersonas</Form>
            <FormType>dfm</FormType>
        </DCCReference>
        <DCCReference Include="Catalogos\EsquemaPagosPersonasEdit.pas">
            <Form>frmEsquemaPagosPersonasEdit</Form>
            <FormType>dfm</FormType>
        </DCCReference>
        <DCCReference Include="Procesos\CuentasXCobrarDM.pas">
            <Form>dmCuentasXCobrar</Form>
            <FormType>dfm</FormType>
            <DesignClass>TDataModule</DesignClass>
        </DCCReference>
        <DCCReference Include="Procesos\CuentasXCobrarForm.pas">
            <Form>frmCuentasXCobrarForm</Form>
            <FormType>dfm</FormType>
        </DCCReference>
        <DCCReference Include="Facturar\VirtualXML.pas"/>
        <DCCReference Include="Facturar\cfdv32.pas"/>
        <DCCReference Include="Facturar\DocComprobanteFiscal.pas"/>
        <DCCReference Include="Facturar\FacturaReglamentacion.pas"/>
        <DCCReference Include="Facturar\FacturaTipos.pas"/>
        <DCCReference Include="Facturar\XMLtoPDFDmod.pas">
            <Form>dmodXMLtoPDF</Form>
            <FormType>dfm</FormType>
            <DesignClass>TDataModule</DesignClass>
        </DCCReference>
        <DCCReference Include="Catalogos\PersonasRolesFacturacionDM.pas">
            <Form>dmPersonasRolesFacturacion</Form>
            <FormType>dfm</FormType>
            <DesignClass>TDataModule</DesignClass>
        </DCCReference>
        <DCCReference Include="Catalogos\PersonasRolesFacturacionForm.pas">
            <Form>frmPersonasRolesFacturacion</Form>
            <FormType>dfm</FormType>
        </DCCReference>
        <DCCReference Include="Procesos\ExportarPagosBancoDM.pas">
            <Form>dmExportarPagosBancos</Form>
            <FormType>dfm</FormType>
            <DesignClass>TDataModule</DesignClass>
        </DCCReference>
        <DCCReference Include="Procesos\FacturacionDM.pas">
            <Form>dmFacturacion</Form>
            <FormType>dfm</FormType>
            <DesignClass>TDataModule</DesignClass>
        </DCCReference>
        <DCCReference Include="Procesos\FacturacionForm.pas">
            <Form>frmFacturacion</Form>
            <FormType>dfm</FormType>
        </DCCReference>
        <DCCReference Include="Catalogos\PersonasRolesFacturacionEdit.pas">
            <Form>frmPersonasRolesFacturacionEdit</Form>
            <FormType>dfm</FormType>
        </DCCReference>
        <DCCReference Include="Procesos\ISRProvisionalesDM.pas">
            <Form>dmISRProvisionales</Form>
            <FormType>dfm</FormType>
            <DesignClass>TDataModule</DesignClass>
        </DCCReference>
        <DCCReference Include="Procesos\ISRProvisionalesForm.pas">
            <Form>frmISRProvisionales</Form>
            <FormType>dfm</FormType>
        </DCCReference>
        <DCCReference Include="Procesos\CuentasXCobrarEditConcepto.pas">
            <Form>frmCuentasXCobrarEditConcepto</Form>
            <FormType>dfm</FormType>
        </DCCReference>
        <DCCReference Include="Catalogos\PrestamosDM.pas">
            <Form>dmPrestamos</Form>
            <FormType>dfm</FormType>
            <DesignClass>TDataModule</DesignClass>
        </DCCReference>
        <DCCReference Include="Catalogos\PrestamosForm.pas">
            <Form>frmPrestamos</Form>
            <FormType>dfm</FormType>
        </DCCReference>
        <DCCReference Include="Catalogos\PrestamosEdit.pas">
            <Form>frmPrestamosEdit</Form>
            <FormType>dfm</FormType>
        </DCCReference>
        <DCCReference Include="Procesos\PrestamosPagoDM.pas">
            <Form>dmPrestamosPago</Form>
            <FormType>dfm</FormType>
            <DesignClass>TDataModule</DesignClass>
        </DCCReference>
        <DCCReference Include="Procesos\PrestamosPagoForm.pas">
            <Form>frmPrestamosPago</Form>
            <FormType>dfm</FormType>
        </DCCReference>
        <DCCReference Include="Procesos\PrestamosPagoEdit.pas">
            <Form>frmPrestamosPagoEdit</Form>
            <FormType>dfm</FormType>
        </DCCReference>
        <DCCReference Include="Catalogos\ConfiguracionDM.pas">
            <Form>dmConfiguracion</Form>
            <FormType>dfm</FormType>
            <DesignClass>TDataModule</DesignClass>
        </DCCReference>
        <DCCReference Include="Catalogos\ConfiguracionesForm.pas">
            <Form>frmConfiguraciones</Form>
            <FormType>dfm</FormType>
        </DCCReference>
        <DCCReference Include="Catalogos\ConfiguracionesEdit.pas">
            <Form>frmConfiguracionesEdit</Form>
            <FormType>dfm</FormType>
        </DCCReference>
        <DCCReference Include="Reportes\RptPlazasDM.pas">
            <Form>dmRptPlazas</Form>
            <FormType>dfm</FormType>
            <DesignClass>TDataModule</DesignClass>
        </DCCReference>
        <DCCReference Include="Reportes\RptPlazasForm.pas">
            <Form>frmRptPlazas</Form>
            <FormType>dfm</FormType>
        </DCCReference>
        <DCCReference Include="Catalogos\PersonasRolesCXCConceptosDM.pas">
            <Form>dmPersonaRolesCXCConceptos</Form>
            <DesignClass>TDataModule</DesignClass>
        </DCCReference>
        <DCCReference Include="Catalogos\PersonasRolesCXCConceptosForm.pas">
            <Form>frmPersonasRolesCXCConceptos</Form>
        </DCCReference>
        <DCCReference Include="Procesos\ExportarPagosBancoEdit.pas">
            <Form>frmExportaPagosBancos</Form>
            <FormType>dfm</FormType>
        </DCCReference>
        <DCCReference Include="Procesos\ExportarPagosBancoForm.pas">
            <Form>frmExportarPagosBanco</Form>
            <FormType>dfm</FormType>
        </DCCReference>
        <DCCReference Include="Reportes\RptPagosDmod.pas">
            <Form>RptPagosDM</Form>
            <FormType>dfm</FormType>
            <DesignClass>TDataModule</DesignClass>
        </DCCReference>
        <DCCReference Include="Reportes\RptPagosForm.pas">
            <Form>frmRptPagos</Form>
            <FormType>dfm</FormType>
        </DCCReference>
        <BuildConfiguration Include="Release">
            <Key>Cfg_2</Key>
            <CfgParent>Base</CfgParent>
        </BuildConfiguration>
        <BuildConfiguration Include="Base">
            <Key>Base</Key>
        </BuildConfiguration>
        <BuildConfiguration Include="Debug">
            <Key>Cfg_1</Key>
            <CfgParent>Base</CfgParent>
        </BuildConfiguration>
    </ItemGroup>
    <ProjectExtensions>
        <Borland.Personality>Delphi.Personality.12</Borland.Personality>
        <Borland.ProjectType/>
        <BorlandProject>
            <Delphi.Personality>
                <VersionInfo>
                    <VersionInfo Name="IncludeVerInfo">False</VersionInfo>
                    <VersionInfo Name="AutoIncBuild">False</VersionInfo>
                    <VersionInfo Name="MajorVer">1</VersionInfo>
                    <VersionInfo Name="MinorVer">0</VersionInfo>
                    <VersionInfo Name="Release">0</VersionInfo>
                    <VersionInfo Name="Build">0</VersionInfo>
                    <VersionInfo Name="Debug">False</VersionInfo>
                    <VersionInfo Name="PreRelease">False</VersionInfo>
                    <VersionInfo Name="Special">False</VersionInfo>
                    <VersionInfo Name="Private">False</VersionInfo>
                    <VersionInfo Name="DLL">False</VersionInfo>
                    <VersionInfo Name="Locale">2058</VersionInfo>
                    <VersionInfo Name="CodePage">1252</VersionInfo>
                </VersionInfo>
                <VersionInfoKeys>
                    <VersionInfoKeys Name="CompanyName"/>
                    <VersionInfoKeys Name="FileDescription"/>
                    <VersionInfoKeys Name="FileVersion">1.0.0.0</VersionInfoKeys>
                    <VersionInfoKeys Name="InternalName"/>
                    <VersionInfoKeys Name="LegalCopyright"/>
                    <VersionInfoKeys Name="LegalTrademarks"/>
                    <VersionInfoKeys Name="OriginalFilename"/>
                    <VersionInfoKeys Name="ProductName"/>
                    <VersionInfoKeys Name="ProductVersion">1.0.0.0</VersionInfoKeys>
                    <VersionInfoKeys Name="Comments"/>
                    <VersionInfoKeys Name="CFBundleName"/>
                    <VersionInfoKeys Name="CFBundleDisplayName"/>
                    <VersionInfoKeys Name="UIDeviceFamily"/>
                    <VersionInfoKeys Name="CFBundleIdentifier"/>
                    <VersionInfoKeys Name="CFBundleVersion"/>
                    <VersionInfoKeys Name="CFBundlePackageType"/>
                    <VersionInfoKeys Name="CFBundleSignature"/>
                    <VersionInfoKeys Name="CFBundleAllowMixedLocalizations"/>
                    <VersionInfoKeys Name="UISupportedInterfaceOrientations"/>
                    <VersionInfoKeys Name="CFBundleExecutable"/>
                    <VersionInfoKeys Name="CFBundleResourceSpecification"/>
                    <VersionInfoKeys Name="LSRequiresIPhoneOS"/>
                    <VersionInfoKeys Name="CFBundleInfoDictionaryVersion"/>
                    <VersionInfoKeys Name="CFBundleDevelopmentRegion"/>
                </VersionInfoKeys>
                <Source>
                    <Source Name="MainSource">RH.dpr</Source>
                </Source>
                <Excluded_Packages>
                    <Excluded_Packages Name="$(BDSBIN)\bcboffice2k180.bpl">Embarcadero C++Builder Office 2000 Servers Package</Excluded_Packages>
                    <Excluded_Packages Name="$(BDSBIN)\bcbofficexp180.bpl">Embarcadero C++Builder Office XP Servers Package</Excluded_Packages>
                    <Excluded_Packages Name="$(BDSBIN)\dcloffice2k180.bpl">Microsoft Office 2000 Sample Automation Server Wrapper Components</Excluded_Packages>
                </Excluded_Packages>
            </Delphi.Personality>
            <Deployment/>
            <Platforms>
                <Platform value="Win32">True</Platform>
                <Platform value="Win64">False</Platform>
            </Platforms>
            <ModelSupport>False</ModelSupport>
        </BorlandProject>
        <ProjectFileVersion>12</ProjectFileVersion>
    </ProjectExtensions>
    <Import Project="$(BDS)\Bin\CodeGear.Delphi.Targets" Condition="Exists('$(BDS)\Bin\CodeGear.Delphi.Targets')"/>
    <Import Project="$(APPDATA)\Embarcadero\$(BDSAPPDATABASEDIR)\$(PRODUCTVERSION)\UserTools.proj" Condition="Exists('$(APPDATA)\Embarcadero\$(BDSAPPDATABASEDIR)\$(PRODUCTVERSION)\UserTools.proj')"/>
</Project>
