<Project xmlns="http://schemas.microsoft.com/developer/msbuild/2003">
    <PropertyGroup>
        <ProjectGuid>{CFEAF598-DF0D-4A9A-9EDB-83EF7324B055}</ProjectGuid>
        <MainSource>RH.dpr</MainSource>
        <Base>True</Base>
        <Config Condition="'$(Config)'==''">Debug</Config>
        <TargetedPlatforms>1</TargetedPlatforms>
        <AppType>Application</AppType>
        <FrameworkType>VCL</FrameworkType>
        <ProjectVersion>14.6</ProjectVersion>
        <Platform Condition="'$(Platform)'==''">Win32</Platform>
    </PropertyGroup>
    <PropertyGroup Condition="'$(Config)'=='Base' or '$(Base)'!=''">
        <Base>true</Base>
    </PropertyGroup>
    <PropertyGroup Condition="('$(Platform)'=='Win32' and '$(Base)'=='true') or '$(Base_Win32)'!=''">
        <Base_Win32>true</Base_Win32>
        <CfgParent>Base</CfgParent>
        <Base>true</Base>
    </PropertyGroup>
    <PropertyGroup Condition="'$(Config)'=='Release' or '$(Cfg_1)'!=''">
        <Cfg_1>true</Cfg_1>
        <CfgParent>Base</CfgParent>
        <Base>true</Base>
    </PropertyGroup>
    <PropertyGroup Condition="'$(Config)'=='Debug' or '$(Cfg_2)'!=''">
        <Cfg_2>true</Cfg_2>
        <CfgParent>Base</CfgParent>
        <Base>true</Base>
    </PropertyGroup>
    <PropertyGroup Condition="'$(Base)'!=''">
        <DCC_Namespace>Vcl;Vcl.Imaging;Vcl.Touch;Vcl.Samples;Vcl.Shell;System;Xml;Data;Datasnap;Web;Soap;Winapi;Data.Win;System.Win;$(DCC_Namespace)</DCC_Namespace>
        <DCC_E>false</DCC_E>
        <DCC_S>false</DCC_S>
        <DCC_ImageBase>00400000</DCC_ImageBase>
        <DCC_K>false</DCC_K>
        <DCC_N>false</DCC_N>
        <VerInfo_Locale>2058</VerInfo_Locale>
        <VerInfo_Keys>CompanyName=;FileDescription=;FileVersion=1.0.0.0;InternalName=;LegalCopyright=;LegalTrademarks=;OriginalFilename=;ProductName=;ProductVersion=1.0.0.0;Comments=;CFBundleName=;CFBundleDisplayName=;UIDeviceFamily=;CFBundleIdentifier=;CFBundleVersion=;CFBundlePackageType=;CFBundleSignature=;CFBundleAllowMixedLocalizations=;UISupportedInterfaceOrientations=;CFBundleExecutable=;CFBundleResourceSpecification=;LSRequiresIPhoneOS=;CFBundleInfoDictionaryVersion=;CFBundleDevelopmentRegion=</VerInfo_Keys>
        <DCC_F>false</DCC_F>
    </PropertyGroup>
    <PropertyGroup Condition="'$(Base_Win32)'!=''">
        <DCC_Namespace>Winapi;System.Win;Data.Win;Datasnap.Win;Web.Win;Soap.Win;Xml.Win;Bde;$(DCC_Namespace)</DCC_Namespace>
        <Manifest_File>$(BDS)\bin\default_app.manifest</Manifest_File>
        <VerInfo_IncludeVerInfo>true</VerInfo_IncludeVerInfo>
        <VerInfo_Locale>1033</VerInfo_Locale>
        <VerInfo_Keys>CompanyName=;FileDescription=;FileVersion=1.0.0.0;InternalName=;LegalCopyright=;LegalTrademarks=;OriginalFilename=;ProductName=;ProductVersion=1.0.0.0;Comments=</VerInfo_Keys>
    </PropertyGroup>
    <PropertyGroup Condition="'$(Cfg_1)'!=''">
        <DCC_Define>RELEASE;$(DCC_Define)</DCC_Define>
        <DCC_SymbolReferenceInfo>0</DCC_SymbolReferenceInfo>
        <DCC_DebugInformation>false</DCC_DebugInformation>
        <DCC_LocalDebugSymbols>false</DCC_LocalDebugSymbols>
    </PropertyGroup>
    <PropertyGroup Condition="'$(Cfg_2)'!=''">
        <DCC_Define>DEBUG;$(DCC_Define)</DCC_Define>
        <DCC_GenerateStackFrames>true</DCC_GenerateStackFrames>
        <DCC_Optimize>false</DCC_Optimize>
    </PropertyGroup>
    <ItemGroup>
        <DelphiCompile Include="$(MainSource)">
            <MainSource>MainSource</MainSource>
        </DelphiCompile>
        <DCCReference Include="Standard\_MainRibbonForm.pas">
            <Form>_frmMainRibbon</Form>
        </DCCReference>
        <DCCReference Include="Standard\_AboutForm.pas">
            <Form>_frmAbout</Form>
        </DCCReference>
        <DCCReference Include="Standard\_ConectionDmod.pas">
            <Form>_dmConection</Form>
            <DesignClass>TDataModule</DesignClass>
        </DCCReference>
        <DCCReference Include="Standard\_LoginForm.pas">
            <Form>_frmLogin</Form>
        </DCCReference>
        <DCCReference Include="Standard\_MainForm.pas">
            <Form>_frmMain</Form>
        </DCCReference>
        <DCCReference Include="Standard\_ProgressForm.pas">
            <Form>_frmProgress</Form>
        </DCCReference>
        <DCCReference Include="Standard\_ProviderDMod.pas">
            <Form>_dmProvider</Form>
            <DesignClass>TDataModule</DesignClass>
        </DCCReference>
        <DCCReference Include="Standard\_GridForm.pas">
            <Form>_frmGrid</Form>
        </DCCReference>
        <DCCReference Include="Standard\_EditForm.pas">
            <Form>_frmEdit</Form>
        </DCCReference>
        <DCCReference Include="Standard\_StandarDMod.pas">
            <Form>_dmStandar</Form>
            <DesignClass>TDataModule</DesignClass>
        </DCCReference>
        <DCCReference Include="Standard\_StandarForm.pas">
            <Form>_StandarFrm</Form>
        </DCCReference>
        <DCCReference Include="Standard\_StandarGridForm.pas">
            <Form>_frmStandarGrid</Form>
        </DCCReference>
        <DCCReference Include="Standard\_SplashForm.pas">
            <Form>_frmSplash</Form>
        </DCCReference>
        <DCCReference Include="Standard\_Utils.pas"/>
        <DCCReference Include="Standard\_DualListDM.pas">
            <Form>_dmDualList</Form>
            <DesignClass>TDataModule</DesignClass>
        </DCCReference>
        <DCCReference Include="Standard\_DualListForm.pas">
            <Form>_frmDualList</Form>
        </DCCReference>
        <DCCReference Include="MainForm.pas">
            <Form>frmMain</Form>
        </DCCReference>
        <DCCReference Include="Catalogos\UbicacionesDM.pas">
            <Form>dmUbicaciones</Form>
            <DesignClass>TDataModule</DesignClass>
        </DCCReference>
        <DCCReference Include="Catalogos\PaisesForm.pas">
            <Form>frmPaises</Form>
        </DCCReference>
        <DCCReference Include="Catalogos\PaisForm.pas">
            <Form>frmPais</Form>
        </DCCReference>
        <DCCReference Include="Catalogos\EstadosForm.pas">
            <Form>frmEstados</Form>
        </DCCReference>
        <DCCReference Include="Catalogos\EstadoForm.pas">
            <Form>frmEstado</Form>
        </DCCReference>
        <DCCReference Include="Catalogos\MunicipiosForm.pas">
            <Form>frmMunicipios</Form>
        </DCCReference>
        <DCCReference Include="Catalogos\MunicipioForm.pas">
            <Form>frmMunicipio</Form>
        </DCCReference>
        <DCCReference Include="Catalogos\PoblacionesForm.pas">
            <Form>frmPoblaciones</Form>
        </DCCReference>
        <DCCReference Include="Catalogos\PoblacionForm.pas">
            <Form>frmPoblacion</Form>
        </DCCReference>
        <DCCReference Include="Catalogos\BancoForm.pas">
            <Form>frmBanco</Form>
        </DCCReference>
        <DCCReference Include="Catalogos\BancosDM.pas">
            <Form>dmBancos</Form>
            <DesignClass>TDataModule</DesignClass>
        </DCCReference>
        <DCCReference Include="Catalogos\BancosForm.pas">
            <Form>frmBancos</Form>
        </DCCReference>
        <DCCReference Include="Catalogos\MonedasDM.pas">
            <Form>dmMonedas</Form>
            <DesignClass>TDataModule</DesignClass>
        </DCCReference>
        <DCCReference Include="Catalogos\MonedaForm.pas">
            <Form>frmMoneda</Form>
        </DCCReference>
        <DCCReference Include="Catalogos\MonedasForm.pas">
            <Form>frmMonedas</Form>
        </DCCReference>
        <DCCReference Include="Catalogos\UnidaddeNegocioForm.pas">
            <Form>frmUnidaddeNegocio</Form>
        </DCCReference>
        <DCCReference Include="Catalogos\UnidadesdeNegocioForm.pas">
            <Form>frmUnidadesdeNegocio</Form>
        </DCCReference>
        <DCCReference Include="Catalogos\PuestosDM.pas">
            <Form>dmPuestos</Form>
            <DesignClass>TDataModule</DesignClass>
        </DCCReference>
        <DCCReference Include="Catalogos\GerenciaForm.pas">
            <Form>frmGerencia</Form>
        </DCCReference>
        <DCCReference Include="Catalogos\GerenciasForm.pas">
            <Form>frmGerencias</Form>
        </DCCReference>
        <DCCReference Include="Catalogos\DepartamentoForm.pas">
            <Form>frmDepartamento</Form>
        </DCCReference>
        <DCCReference Include="Catalogos\DepartamentosForm.pas">
            <Form>frmDepartamentos</Form>
        </DCCReference>
        <DCCReference Include="Catalogos\PuestosEdit.pas">
            <Form>frmPuestosEdit</Form>
        </DCCReference>
        <DCCReference Include="Catalogos\PuestosForm.pas">
            <Form>frmPuestos</Form>
        </DCCReference>
        <DCCReference Include="Catalogos\PlazasDM.pas">
            <Form>dmPlazas</Form>
            <DesignClass>TDataModule</DesignClass>
        </DCCReference>
        <DCCReference Include="Catalogos\PlazasForm.pas">
            <Form>frmPlazas</Form>
        </DCCReference>
        <DCCReference Include="Catalogos\PlazasEdit.pas">
            <Form>frmPlazasEdit</Form>
        </DCCReference>
        <DCCReference Include="Catalogos\PuestosPerfilesDM.pas">
            <Form>dmPuestosPerfiles</Form>
            <DesignClass>TDataModule</DesignClass>
        </DCCReference>
        <DCCReference Include="Catalogos\PuestoPerfilForm.pas">
            <Form>frmPuestoPerfil</Form>
        </DCCReference>
        <DCCReference Include="Catalogos\PuestosPerfilesForm.pas">
            <Form>frmPuestosPerfiles</Form>
        </DCCReference>
        <DCCReference Include="Catalogos\CapacitacionDM.pas">
            <Form>dmCapacitacion</Form>
            <DesignClass>TDataModule</DesignClass>
        </DCCReference>
        <DCCReference Include="Catalogos\BateriaCapacitacionForm.pas">
            <Form>frmBateriaCapacitacion</Form>
        </DCCReference>
        <DCCReference Include="Catalogos\BateriaCapacitacionesForm.pas">
            <Form>frmBateriasCapacitacion</Form>
        </DCCReference>
        <DCCReference Include="Catalogos\BateriaCapacitacionCursoForm.pas">
            <Form>frmBateriaCapacitacionCurso</Form>
        </DCCReference>
        <DCCReference Include="Catalogos\BateriaCapacitacionCursosForm.pas">
            <Form>frmBateriaCapacitacionCursos</Form>
        </DCCReference>
        <DCCReference Include="Catalogos\BateriaCapacitacionCursoTemaForm.pas">
            <Form>frmBateriaCapacitacionCursosTema</Form>
        </DCCReference>
        <DCCReference Include="Catalogos\BateriaCapacitacionCursosTemasForm.pas">
            <Form>frmBateriaCapacitacionCursosTemas</Form>
        </DCCReference>
        <DCCReference Include="Catalogos\PlazasTurnosDM.pas">
            <Form>dmPlazasTurnos</Form>
            <DesignClass>TDataModule</DesignClass>
        </DCCReference>
        <DCCReference Include="Catalogos\PlazaTurnoForm.pas">
            <Form>frmPlazaTurno</Form>
        </DCCReference>
        <DCCReference Include="Catalogos\PlazasTurnosForm.pas">
            <Form>frmPlazasTurnos</Form>
        </DCCReference>
        <DCCReference Include="Catalogos\EsquemaPagosDM.pas">
            <Form>dmEsquemaPagos</Form>
            <DesignClass>TDataModule</DesignClass>
        </DCCReference>
        <DCCReference Include="Catalogos\EsquemaPagoForm.pas">
            <Form>frmEsquemaPago</Form>
        </DCCReference>
        <DCCReference Include="Catalogos\EsquemaPagosForm.pas">
            <Form>frmEsquemaPagos</Form>
        </DCCReference>
        <DCCReference Include="Catalogos\FormulasDM.pas">
            <Form>dmFormulas</Form>
            <DesignClass>TDataModule</DesignClass>
        </DCCReference>
        <DCCReference Include="Catalogos\FormulaForm.pas">
            <Form>frmFormula</Form>
        </DCCReference>
        <DCCReference Include="Catalogos\FormulasForm.pas">
            <Form>frmFormulas</Form>
        </DCCReference>
        <DCCReference Include="Catalogos\ReglasNegocioDM.pas">
            <Form>dmReglasNegocio</Form>
            <DesignClass>TDataModule</DesignClass>
        </DCCReference>
        <DCCReference Include="Catalogos\ReglaNegocioForm.pas">
            <Form>frmReglaNegocio</Form>
        </DCCReference>
        <DCCReference Include="Catalogos\ReglasNegocioForm.pas">
            <Form>frmReglasNegocio</Form>
        </DCCReference>
        <DCCReference Include="Catalogos\DomiciliosDM.pas">
            <Form>dmDomicilios</Form>
            <DesignClass>TDataModule</DesignClass>
        </DCCReference>
        <DCCReference Include="Catalogos\EstablecimientosDM.pas">
            <Form>dmEstablecimientos</Form>
            <DesignClass>TDataModule</DesignClass>
        </DCCReference>
        <DCCReference Include="Catalogos\EstablecimientoForm.pas">
            <Form>frmEstablecimiento</Form>
        </DCCReference>
        <DCCReference Include="Catalogos\EstablecimientosForm.pas">
            <Form>frmEstablecimientos</Form>
        </DCCReference>
        <DCCReference Include="Catalogos\Monedas2DM.pas">
            <Form>dmMonedas2</Form>
            <DesignClass>TDataModule</DesignClass>
        </DCCReference>
        <DCCReference Include="Catalogos\Puestos2DM.pas">
            <Form>dmPuestos2</Form>
            <DesignClass>TDataModule</DesignClass>
        </DCCReference>
        <DCCReference Include="Catalogos\PuestosCapacitacionDM.pas">
            <Form>dmPuestosCapacitacion</Form>
            <DesignClass>TDataModule</DesignClass>
        </DCCReference>
        <DCCReference Include="Catalogos\PuestosCapacitacionForm.pas">
            <Form>frmPuestosCapacitacion</Form>
        </DCCReference>
        <DCCReference Include="Catalogos\PuestosCapacitacionEditForm.pas">
            <Form>frmPuestosCapacitacionEdit</Form>
        </DCCReference>
        <DCCReference Include="Catalogos\DomiciliosEdit.pas">
            <Form>frmDomiciliosEdit</Form>
        </DCCReference>
        <DCCReference Include="Catalogos\DomiciliosForm.pas">
            <Form>frmDomicilios</Form>
        </DCCReference>
        <DCCReference Include="Catalogos\MovimientosTiposDM.pas">
            <Form>dmMovimientosTipo</Form>
            <DesignClass>TDataModule</DesignClass>
        </DCCReference>
        <DCCReference Include="Catalogos\MovimientosTiposEdit.pas">
            <Form>frmMovimientosTipoEdit</Form>
        </DCCReference>
        <DCCReference Include="Catalogos\MovimientosTiposForm.pas">
            <Form>frmMovimientosTipos</Form>
        </DCCReference>
        <DCCReference Include="Catalogos\PersonasDM.pas">
            <Form>dmPersona</Form>
            <DesignClass>TDataModule</DesignClass>
        </DCCReference>
        <DCCReference Include="Catalogos\PersonasEdit.pas">
            <Form>frmPersonasEdit</Form>
        </DCCReference>
        <DCCReference Include="Catalogos\PersonasForm.pas">
            <Form>frmPersonas</Form>
        </DCCReference>
        <DCCReference Include="Catalogos\PuestosCapacitacionesDM.pas">
            <Form>dmPuestosCapacitaciones</Form>
            <DesignClass>TDataModule</DesignClass>
        </DCCReference>
        <DCCReference Include="Catalogos\PuestosCapacitacionesForm.pas">
            <Form>frmPuestosCapacitaciones</Form>
        </DCCReference>
        <BuildConfiguration Include="Debug">
            <Key>Cfg_2</Key>
            <CfgParent>Base</CfgParent>
        </BuildConfiguration>
        <BuildConfiguration Include="Base">
            <Key>Base</Key>
        </BuildConfiguration>
        <BuildConfiguration Include="Release">
            <Key>Cfg_1</Key>
            <CfgParent>Base</CfgParent>
        </BuildConfiguration>
    </ItemGroup>
    <ProjectExtensions>
        <Borland.Personality>Delphi.Personality.12</Borland.Personality>
        <Borland.ProjectType/>
        <BorlandProject>
            <Delphi.Personality>
                <Source>
                    <Source Name="MainSource">RH.dpr</Source>
                </Source>
                <VersionInfo>
                    <VersionInfo Name="IncludeVerInfo">False</VersionInfo>
                    <VersionInfo Name="AutoIncBuild">False</VersionInfo>
                    <VersionInfo Name="MajorVer">1</VersionInfo>
                    <VersionInfo Name="MinorVer">0</VersionInfo>
                    <VersionInfo Name="Release">0</VersionInfo>
                    <VersionInfo Name="Build">0</VersionInfo>
                    <VersionInfo Name="Debug">False</VersionInfo>
                    <VersionInfo Name="PreRelease">False</VersionInfo>
                    <VersionInfo Name="Special">False</VersionInfo>
                    <VersionInfo Name="Private">False</VersionInfo>
                    <VersionInfo Name="DLL">False</VersionInfo>
                    <VersionInfo Name="Locale">2058</VersionInfo>
                    <VersionInfo Name="CodePage">1252</VersionInfo>
                </VersionInfo>
                <VersionInfoKeys>
                    <VersionInfoKeys Name="CompanyName"/>
                    <VersionInfoKeys Name="FileDescription"/>
                    <VersionInfoKeys Name="FileVersion">1.0.0.0</VersionInfoKeys>
                    <VersionInfoKeys Name="InternalName"/>
                    <VersionInfoKeys Name="LegalCopyright"/>
                    <VersionInfoKeys Name="LegalTrademarks"/>
                    <VersionInfoKeys Name="OriginalFilename"/>
                    <VersionInfoKeys Name="ProductName"/>
                    <VersionInfoKeys Name="ProductVersion">1.0.0.0</VersionInfoKeys>
                    <VersionInfoKeys Name="Comments"/>
                    <VersionInfoKeys Name="CFBundleName"/>
                    <VersionInfoKeys Name="CFBundleDisplayName"/>
                    <VersionInfoKeys Name="UIDeviceFamily"/>
                    <VersionInfoKeys Name="CFBundleIdentifier"/>
                    <VersionInfoKeys Name="CFBundleVersion"/>
                    <VersionInfoKeys Name="CFBundlePackageType"/>
                    <VersionInfoKeys Name="CFBundleSignature"/>
                    <VersionInfoKeys Name="CFBundleAllowMixedLocalizations"/>
                    <VersionInfoKeys Name="UISupportedInterfaceOrientations"/>
                    <VersionInfoKeys Name="CFBundleExecutable"/>
                    <VersionInfoKeys Name="CFBundleResourceSpecification"/>
                    <VersionInfoKeys Name="LSRequiresIPhoneOS"/>
                    <VersionInfoKeys Name="CFBundleInfoDictionaryVersion"/>
                    <VersionInfoKeys Name="CFBundleDevelopmentRegion"/>
                </VersionInfoKeys>
            </Delphi.Personality>
            <Platforms>
                <Platform value="Win32">True</Platform>
                <Platform value="Win64">False</Platform>
            </Platforms>
        </BorlandProject>
        <ProjectFileVersion>12</ProjectFileVersion>
    </ProjectExtensions>
    <Import Project="$(BDS)\Bin\CodeGear.Delphi.Targets" Condition="Exists('$(BDS)\Bin\CodeGear.Delphi.Targets')"/>
    <Import Project="$(APPDATA)\Embarcadero\$(BDSAPPDATABASEDIR)\$(PRODUCTVERSION)\UserTools.proj" Condition="Exists('$(APPDATA)\Embarcadero\$(BDSAPPDATABASEDIR)\$(PRODUCTVERSION)\UserTools.proj')"/>
</Project>
