<Project xmlns="http://schemas.microsoft.com/developer/msbuild/2003">
    <PropertyGroup>
        <ProjectGuid>{20B74617-77AA-429D-88FE-C64114F03C4C}</ProjectGuid>
        <ProjectVersion>14.6</ProjectVersion>
        <FrameworkType>VCL</FrameworkType>
        <MainSource>RH.dpr</MainSource>
        <Base>True</Base>
        <Config Condition="'$(Config)'==''">Debug</Config>
        <Platform Condition="'$(Platform)'==''">Win32</Platform>
        <TargetedPlatforms>1</TargetedPlatforms>
        <AppType>Application</AppType>
    </PropertyGroup>
    <PropertyGroup Condition="'$(Config)'=='Base' or '$(Base)'!=''">
        <Base>true</Base>
    </PropertyGroup>
    <PropertyGroup Condition="('$(Platform)'=='Win32' and '$(Base)'=='true') or '$(Base_Win32)'!=''">
        <Base_Win32>true</Base_Win32>
        <CfgParent>Base</CfgParent>
        <Base>true</Base>
    </PropertyGroup>
    <PropertyGroup Condition="('$(Platform)'=='Win64' and '$(Base)'=='true') or '$(Base_Win64)'!=''">
        <Base_Win64>true</Base_Win64>
        <CfgParent>Base</CfgParent>
        <Base>true</Base>
    </PropertyGroup>
    <PropertyGroup Condition="'$(Config)'=='Debug' or '$(Cfg_1)'!=''">
        <Cfg_1>true</Cfg_1>
        <CfgParent>Base</CfgParent>
        <Base>true</Base>
    </PropertyGroup>
    <PropertyGroup Condition="('$(Platform)'=='Win32' and '$(Cfg_1)'=='true') or '$(Cfg_1_Win32)'!=''">
        <Cfg_1_Win32>true</Cfg_1_Win32>
        <CfgParent>Cfg_1</CfgParent>
        <Cfg_1>true</Cfg_1>
        <Base>true</Base>
    </PropertyGroup>
    <PropertyGroup Condition="'$(Config)'=='Release' or '$(Cfg_2)'!=''">
        <Cfg_2>true</Cfg_2>
        <CfgParent>Base</CfgParent>
        <Base>true</Base>
    </PropertyGroup>
    <PropertyGroup Condition="'$(Base)'!=''">
        <DCC_OutputDRCFile>true</DCC_OutputDRCFile>
        <DCC_Namespace>System;Xml;Data;Datasnap;Web;Soap;Vcl;Vcl.Imaging;Vcl.Touch;Vcl.Samples;Vcl.Shell;$(DCC_Namespace)</DCC_Namespace>
        <Icns_MainIcns>$(BDS)\bin\delphi_PROJECTICNS.icns</Icns_MainIcns>
        <DCC_DcuOutput>.\$(Platform)\$(Config)</DCC_DcuOutput>
        <DCC_ExeOutput>.\$(Platform)\$(Config)</DCC_ExeOutput>
        <DCC_E>false</DCC_E>
        <DCC_N>false</DCC_N>
        <DCC_S>false</DCC_S>
        <DCC_F>false</DCC_F>
        <DCC_K>false</DCC_K>
    </PropertyGroup>
    <PropertyGroup Condition="'$(Base_Win32)'!=''">
        <VerInfo_AutoIncVersion>true</VerInfo_AutoIncVersion>
        <DCC_Namespace>Winapi;System.Win;Data.Win;Datasnap.Win;Web.Win;Soap.Win;Xml.Win;Bde;$(DCC_Namespace)</DCC_Namespace>
        <DCC_UsePackage>dxBarRS18;dxPSCoreRS18;dxSkinOffice2007GreenRS18;dxPScxPCProdRS18;dxSkinBlueRS18;cxTreeListRS18;frxDB18;dxDockingRS18;dxThemeRS18;dxPSdxOCLnkRS18;dxSkinsdxRibbonPainterRS18;rbDBE1518;dxSkinOffice2007BlueRS18;DBXInterBaseDriver;DataSnapServer;DataSnapCommon;cxTreeListdxBarPopupMenuRS18;dxSkinsdxBarPainterRS18;rbUSERDesign1518;DbxCommonDriver;vclimg;dbxcds;DatasnapConnectorsFreePascal;rbRAP1518;dxSkinscxPCPainterRS18;vcldb;dxSkinDarkRoomRS18;cxExportRS18;dcldxSkinsCoreRS18;CustomIPTransport;dxSkinBlueprintRS18;rbCIDE1518;dsnap;IndyIPServer;dxSkinOffice2010BlueRS18;IndyCore;dclRBE1518;cxVerticalGridRS18;CloudService;dxPSdxDBOCLnkRS18;FmxTeeUI;dxADOServerModeRS18;dxSkinDarkSideRS18;dxPScxExtCommonRS18;cxEditorsRS18;cxSchedulerRS18;dxSpellCheckerRS18;cxPageControldxBarPopupMenuRS18;rbRCL1518;dxPScxVGridLnkRS18;dxSkinSharpPlusRS18;dxSkinValentineRS18;rbUSER1518;dxRibbonRS18;RtmRxBDE180;dxSkinGlassOceansRS18;bindcompfmx;vcldbx;cxBarEditItemRS18;cxPageControlRS18;dxSkinSharpRS18;dbrtl;dxSkinDevExpressDarkStyleRS18;bindcomp;inetdb;dxSkinXmas2008BlueRS18;rbDIDE1518;DBXOdbcDriver;xmlrtl;dxBarExtItemsRS18;frxe18;dxSkinLiquidSkyRS18;dclRBDBE1518;dxSkinOffice2013WhiteRS18;vclactnband;bindengine;soaprtl;FMXTee;dxSkinPumpkinRS18;bindcompvcl;dxPsPrVwAdvRS18;cxSpreadSheetRS18;cxPivotGridRS18;vclie;dxmdsRS18;dxBarDBNavRS18;dxComnRS18;dxBarExtDBItemsRS18;DBXInformixDriver;dxPScxSchedulerLnkRS18;Intraweb;dxNavBarRS18;dsnapcon;DBXFirebirdDriver;dxPSTeeChartRS18;inet;dxSkinscxSchedulerPainterRS18;dxPScxCommonRS18;rbADO1518;dxSkinWhiteprintRS18;vclx;DBXSybaseASADriver;dxorgcRS18;rbDBDE1518;dbexpress;dxSkinOffice2007BlackRS18;dxSkinSummer2008RS18;dxSkinBlackRS18;IndyIPClient;vclZipForged18;dxGDIPlusRS18;dxSkinCoffeeRS18;dxLayoutControlRS18;dxSkinMoneyTwinsRS18;dxSkinVS2010RS18;DBXSqliteDriver;tmswizdXE4;fmx;IndySystem;TeeDB;frx18;rbIDE1518;inetdbbde;dxPScxTLLnkRS18;DataSnapClient;cxSchedulerGridRS18;dxtrmdRS18;DataSnapProviderClient;DBXSybaseASEDriver;dclZipForged18;dxSkinSilverRS18;dxTabbedMDIRS18;MetropolisUILiveTile;dxPSLnksRS18;vcldsnap;dxPScxPivotGridLnkRS18;DBXDb2Driver;rbDAD1518;dxSkinOffice2010SilverRS18;dxPScxSSLnkRS18;DBXOracleDriver;dxServerModeRS18;vclribbon;dxdborRS18;dxSkinsdxDLPainterRS18;fmxase;vcl;IndyIPCommon;DBXMSSQLDriver;CodeSiteExpressPkg;RtmRxDB180;cxPivotGridChartRS18;rbDB1518;rbBDE1518;inetdbxpress;webdsnap;dxPScxGridLnkRS18;dxSkinsCoreRS18;dxSkinLondonLiquidSkyRS18;cxLibraryRS18;adortl;dxSkinDevExpressStyleRS18;dxSkinTheAsphaltWorldRS18;dxSkinSpringTimeRS18;dxSkinHighContrastRS18;dxPSdxDBTVLnkRS18;RtmRxCtl180;tmsdXE4;dxSkinCaramelRS18;dxSkinOffice2007SilverRS18;rtl;DbxClientDriver;QExport4RT_D18;Tee;dxSkinStardustRS18;rbTCUI1518;svnui;QImport3RT_D18;rbTC1518;dxDBXServerModeRS18;IndyProtocols;DBXMySQLDriver;dxSkiniMaginaryRS18;dxFlowChartRS18;bindcompdbx;TeeUI;dclRBBDE1518;dxSkinMcSkinRS18;vcltouch;dxPSPrVwRibbonRS18;websnap;tmsexdXE4;dxSkinOffice2007PinkRS18;dxPSdxFCLnkRS18;VclSmp;cxGridRS18;dxSkinSevenRS18;dxSkinOffice2010BlackRS18;cxSchedulerTreeBrowserRS18;DataSnapConnectors;dxPSDBTeeChartRS18;dxdbtrRS18;tmsxlsdXE4;rbRIDE1518;dxCoreRS18;fmxobj;dxSkinFoggyRS18;dxSkinSevenClassicRS18;dclRBADO1518;dxSkinsdxNavBarPainterRS18;svn;dxSkinLilianRS18;dxPSdxLCLnkRS18;fmxdae;cxPivotGridOLAPRS18;cxDataRS18;bdertl;DataSnapIndy10ServerTransport;$(DCC_UsePackage)</DCC_UsePackage>
        <VerInfo_IncludeVerInfo>true</VerInfo_IncludeVerInfo>
        <VerInfo_Locale>2058</VerInfo_Locale>
        <VerInfo_Keys>CompanyName=NetVaIT;FileDescription=;FileVersion=1.0.0.0;InternalName=RH;LegalCopyright=;LegalTrademarks=;OriginalFilename=;ProductName=;ProductVersion=1.0;Comments=</VerInfo_Keys>
        <Manifest_File>$(BDS)\bin\default_app.manifest</Manifest_File>
    </PropertyGroup>
    <PropertyGroup Condition="'$(Base_Win64)'!=''">
        <DCC_UsePackage>dxBarRS18;dxPSCoreRS18;dxSkinOffice2007GreenRS18;dxPScxPCProdRS18;dxSkinBlueRS18;cxTreeListRS18;dxDockingRS18;dxThemeRS18;dxPSdxOCLnkRS18;dxSkinsdxRibbonPainterRS18;dxSkinOffice2007BlueRS18;DBXInterBaseDriver;DataSnapServer;DataSnapCommon;cxTreeListdxBarPopupMenuRS18;dxSkinsdxBarPainterRS18;DbxCommonDriver;vclimg;dbxcds;DatasnapConnectorsFreePascal;dxSkinscxPCPainterRS18;vcldb;dxSkinDarkRoomRS18;cxExportRS18;dcldxSkinsCoreRS18;CustomIPTransport;dxSkinBlueprintRS18;dsnap;IndyIPServer;dxSkinOffice2010BlueRS18;IndyCore;cxVerticalGridRS18;CloudService;dxPSdxDBOCLnkRS18;FmxTeeUI;dxADOServerModeRS18;dxSkinDarkSideRS18;dxPScxExtCommonRS18;cxEditorsRS18;cxSchedulerRS18;dxSpellCheckerRS18;cxPageControldxBarPopupMenuRS18;dxPScxVGridLnkRS18;dxSkinSharpPlusRS18;dxSkinValentineRS18;dxRibbonRS18;dxSkinGlassOceansRS18;bindcompfmx;cxBarEditItemRS18;cxPageControlRS18;dxSkinSharpRS18;dbrtl;dxSkinDevExpressDarkStyleRS18;bindcomp;inetdb;dxSkinXmas2008BlueRS18;DBXOdbcDriver;xmlrtl;dxBarExtItemsRS18;dxSkinLiquidSkyRS18;dxSkinOffice2013WhiteRS18;vclactnband;bindengine;soaprtl;FMXTee;dxSkinPumpkinRS18;bindcompvcl;dxPsPrVwAdvRS18;cxSpreadSheetRS18;cxPivotGridRS18;vclie;dxmdsRS18;dxBarDBNavRS18;dxComnRS18;dxBarExtDBItemsRS18;DBXInformixDriver;dxPScxSchedulerLnkRS18;Intraweb;dxNavBarRS18;dsnapcon;DBXFirebirdDriver;dxPSTeeChartRS18;inet;dxSkinscxSchedulerPainterRS18;dxPScxCommonRS18;dxSkinWhiteprintRS18;vclx;DBXSybaseASADriver;dxorgcRS18;dbexpress;dxSkinOffice2007BlackRS18;dxSkinSummer2008RS18;dxSkinBlackRS18;IndyIPClient;vclZipForged18;dxGDIPlusRS18;dxSkinCoffeeRS18;dxLayoutControlRS18;dxSkinMoneyTwinsRS18;dxSkinVS2010RS18;DBXSqliteDriver;fmx;IndySystem;TeeDB;dxPScxTLLnkRS18;DataSnapClient;cxSchedulerGridRS18;dxtrmdRS18;DataSnapProviderClient;DBXSybaseASEDriver;dxSkinSilverRS18;dxTabbedMDIRS18;MetropolisUILiveTile;dxPSLnksRS18;vcldsnap;dxPScxPivotGridLnkRS18;DBXDb2Driver;dxSkinOffice2010SilverRS18;dxPScxSSLnkRS18;DBXOracleDriver;dxServerModeRS18;vclribbon;dxdborRS18;dxSkinsdxDLPainterRS18;fmxase;vcl;IndyIPCommon;DBXMSSQLDriver;cxPivotGridChartRS18;inetdbxpress;webdsnap;dxPScxGridLnkRS18;dxSkinsCoreRS18;dxSkinLondonLiquidSkyRS18;cxLibraryRS18;adortl;dxSkinDevExpressStyleRS18;dxSkinTheAsphaltWorldRS18;dxSkinSpringTimeRS18;dxSkinHighContrastRS18;dxPSdxDBTVLnkRS18;dxSkinCaramelRS18;dxSkinOffice2007SilverRS18;rtl;DbxClientDriver;Tee;dxSkinStardustRS18;dxDBXServerModeRS18;IndyProtocols;DBXMySQLDriver;dxSkiniMaginaryRS18;dxFlowChartRS18;bindcompdbx;TeeUI;dxSkinMcSkinRS18;vcltouch;dxPSPrVwRibbonRS18;websnap;dxSkinOffice2007PinkRS18;dxPSdxFCLnkRS18;VclSmp;cxGridRS18;dxSkinSevenRS18;dxSkinOffice2010BlackRS18;cxSchedulerTreeBrowserRS18;DataSnapConnectors;dxPSDBTeeChartRS18;dxdbtrRS18;dxCoreRS18;fmxobj;dxSkinFoggyRS18;dxSkinSevenClassicRS18;dxSkinsdxNavBarPainterRS18;dxSkinLilianRS18;dxPSdxLCLnkRS18;fmxdae;cxPivotGridOLAPRS18;cxDataRS18;DataSnapIndy10ServerTransport;$(DCC_UsePackage)</DCC_UsePackage>
    </PropertyGroup>
    <PropertyGroup Condition="'$(Cfg_1)'!=''">
        <DCC_Define>DEBUG;$(DCC_Define)</DCC_Define>
        <DCC_DebugDCUs>true</DCC_DebugDCUs>
        <DCC_Optimize>false</DCC_Optimize>
        <DCC_GenerateStackFrames>true</DCC_GenerateStackFrames>
        <DCC_DebugInfoInExe>true</DCC_DebugInfoInExe>
        <DCC_RemoteDebug>true</DCC_RemoteDebug>
    </PropertyGroup>
    <PropertyGroup Condition="'$(Cfg_1_Win32)'!=''">
        <Icon_MainIcon>$(BDS)\bin\delphi_PROJECTICON.ico</Icon_MainIcon>
        <VerInfo_AutoIncVersion>true</VerInfo_AutoIncVersion>
        <VerInfo_Keys>CompanyName=NetVaIT;FileDescription=;FileVersion=1.0.0.3;InternalName=RH;LegalCopyright=;LegalTrademarks=;OriginalFilename=;ProductName=Interva RH;ProductVersion=1.0;Comments=</VerInfo_Keys>
        <VerInfo_Build>3</VerInfo_Build>
        <VerInfo_IncludeVerInfo>true</VerInfo_IncludeVerInfo>
        <VerInfo_Locale>1033</VerInfo_Locale>
        <DCC_RemoteDebug>false</DCC_RemoteDebug>
    </PropertyGroup>
    <PropertyGroup Condition="'$(Cfg_2)'!=''">
        <DCC_LocalDebugSymbols>false</DCC_LocalDebugSymbols>
        <DCC_Define>RELEASE;$(DCC_Define)</DCC_Define>
        <DCC_SymbolReferenceInfo>0</DCC_SymbolReferenceInfo>
        <DCC_DebugInformation>false</DCC_DebugInformation>
    </PropertyGroup>
    <ItemGroup>
        <DelphiCompile Include="$(MainSource)">
            <MainSource>MainSource</MainSource>
        </DelphiCompile>
        <DCCReference Include="Standard\_MainRibbonForm.pas">
            <Form>_frmMainRibbon</Form>
        </DCCReference>
        <DCCReference Include="Standard\_AboutForm.pas">
            <Form>_frmAbout</Form>
        </DCCReference>
        <DCCReference Include="Standard\_ConectionDmod.pas">
            <Form>_dmConection</Form>
            <DesignClass>TDataModule</DesignClass>
        </DCCReference>
        <DCCReference Include="Standard\_LoginForm.pas">
            <Form>_frmLogin</Form>
        </DCCReference>
        <DCCReference Include="Standard\_MainForm.pas">
            <Form>_frmMain</Form>
        </DCCReference>
        <DCCReference Include="Standard\_ProgressForm.pas">
            <Form>_frmProgress</Form>
        </DCCReference>
        <DCCReference Include="Standard\_StandarDMod.pas">
            <Form>_dmStandar</Form>
            <DesignClass>TDataModule</DesignClass>
        </DCCReference>
        <DCCReference Include="Standard\_StandarForm.pas">
            <Form>_StandarFrm</Form>
        </DCCReference>
        <DCCReference Include="Standard\_StandarGridForm.pas">
            <Form>_frmStandarGrid</Form>
        </DCCReference>
        <DCCReference Include="Standard\_Utils.pas"/>
        <DCCReference Include="MainForm.pas">
            <Form>frmMain</Form>
        </DCCReference>
        <DCCReference Include="Standard\_SplashForm.pas">
            <Form>_frmSplash</Form>
        </DCCReference>
        <DCCReference Include="Standard\_GridForm.pas">
            <Form>_frmGrid</Form>
            <FormType>dfm</FormType>
        </DCCReference>
        <DCCReference Include="Catalogos\UbicacionesDM.pas">
            <Form>dmUbicaciones</Form>
            <FormType>dfm</FormType>
            <DesignClass>TDataModule</DesignClass>
        </DCCReference>
        <DCCReference Include="Catalogos\PaisesForm.pas">
            <Form>frmPaises</Form>
            <FormType>dfm</FormType>
        </DCCReference>
        <DCCReference Include="Standard\_EditForm.pas">
            <Form>_frmEdit</Form>
            <FormType>dfm</FormType>
        </DCCReference>
        <DCCReference Include="Catalogos\PaisForm.pas">
            <Form>frmPais</Form>
            <FormType>dfm</FormType>
        </DCCReference>
        <DCCReference Include="Catalogos\EstadosForm.pas">
            <Form>frmEstados</Form>
            <FormType>dfm</FormType>
        </DCCReference>
        <DCCReference Include="Catalogos\EstadoForm.pas">
            <Form>frmEstado</Form>
            <FormType>dfm</FormType>
        </DCCReference>
        <BuildConfiguration Include="Release">
            <Key>Cfg_2</Key>
            <CfgParent>Base</CfgParent>
        </BuildConfiguration>
        <BuildConfiguration Include="Base">
            <Key>Base</Key>
        </BuildConfiguration>
        <BuildConfiguration Include="Debug">
            <Key>Cfg_1</Key>
            <CfgParent>Base</CfgParent>
        </BuildConfiguration>
    </ItemGroup>
    <ProjectExtensions>
        <Borland.Personality>Delphi.Personality.12</Borland.Personality>
        <Borland.ProjectType/>
        <BorlandProject>
            <Delphi.Personality>
                <VersionInfo>
                    <VersionInfo Name="IncludeVerInfo">False</VersionInfo>
                    <VersionInfo Name="AutoIncBuild">False</VersionInfo>
                    <VersionInfo Name="MajorVer">1</VersionInfo>
                    <VersionInfo Name="MinorVer">0</VersionInfo>
                    <VersionInfo Name="Release">0</VersionInfo>
                    <VersionInfo Name="Build">0</VersionInfo>
                    <VersionInfo Name="Debug">False</VersionInfo>
                    <VersionInfo Name="PreRelease">False</VersionInfo>
                    <VersionInfo Name="Special">False</VersionInfo>
                    <VersionInfo Name="Private">False</VersionInfo>
                    <VersionInfo Name="DLL">False</VersionInfo>
                    <VersionInfo Name="Locale">2058</VersionInfo>
                    <VersionInfo Name="CodePage">1252</VersionInfo>
                </VersionInfo>
                <VersionInfoKeys>
                    <VersionInfoKeys Name="CompanyName"/>
                    <VersionInfoKeys Name="FileDescription"/>
                    <VersionInfoKeys Name="FileVersion">1.0.0.0</VersionInfoKeys>
                    <VersionInfoKeys Name="InternalName"/>
                    <VersionInfoKeys Name="LegalCopyright"/>
                    <VersionInfoKeys Name="LegalTrademarks"/>
                    <VersionInfoKeys Name="OriginalFilename"/>
                    <VersionInfoKeys Name="ProductName"/>
                    <VersionInfoKeys Name="ProductVersion">1.0.0.0</VersionInfoKeys>
                    <VersionInfoKeys Name="Comments"/>
                    <VersionInfoKeys Name="CFBundleName"/>
                    <VersionInfoKeys Name="CFBundleDisplayName"/>
                    <VersionInfoKeys Name="UIDeviceFamily"/>
                    <VersionInfoKeys Name="CFBundleIdentifier"/>
                    <VersionInfoKeys Name="CFBundleVersion"/>
                    <VersionInfoKeys Name="CFBundlePackageType"/>
                    <VersionInfoKeys Name="CFBundleSignature"/>
                    <VersionInfoKeys Name="CFBundleAllowMixedLocalizations"/>
                    <VersionInfoKeys Name="UISupportedInterfaceOrientations"/>
                    <VersionInfoKeys Name="CFBundleExecutable"/>
                    <VersionInfoKeys Name="CFBundleResourceSpecification"/>
                    <VersionInfoKeys Name="LSRequiresIPhoneOS"/>
                    <VersionInfoKeys Name="CFBundleInfoDictionaryVersion"/>
                    <VersionInfoKeys Name="CFBundleDevelopmentRegion"/>
                </VersionInfoKeys>
                <Source>
                    <Source Name="MainSource">RH.dpr</Source>
                </Source>
                <Excluded_Packages>
                    <Excluded_Packages Name="$(BDSBIN)\bcboffice2k180.bpl">Embarcadero C++Builder Office 2000 Servers Package</Excluded_Packages>
                    <Excluded_Packages Name="$(BDSBIN)\bcbofficexp180.bpl">Embarcadero C++Builder Office XP Servers Package</Excluded_Packages>
                    <Excluded_Packages Name="$(BDSBIN)\dcloffice2k180.bpl">Microsoft Office 2000 Sample Automation Server Wrapper Components</Excluded_Packages>
                    <Excluded_Packages Name="$(BDSBIN)\dclofficexp180.bpl">Microsoft Office XP Sample Automation Server Wrapper Components</Excluded_Packages>
                    <Excluded_Packages Name="C:\Users\Public\Documents\RAD Studio\11.0\BPL\QImport3DT_C18.bpl">EMS Advanced Import Component Suite (C++)</Excluded_Packages>
                </Excluded_Packages>
                <Language>
                    <Language Name="ProjectLang">$0000080A</Language>
                </Language>
                <Resource_DLL_Projects>
                    <Resource_DLL_Projects Name="Item0">Español (México)*$0000080A*ESM*ESM</Resource_DLL_Projects>
                </Resource_DLL_Projects>
                <RDP_Source_Files>
                    <RDP_Source_Files Name="Item0">Standard\_MainRibbonForm.dfm</RDP_Source_Files>
                    <RDP_Source_Files Name="Item1">Standard\_AboutForm.dfm</RDP_Source_Files>
                    <RDP_Source_Files Name="Item2">Standard\_ConectionDmod.dfm</RDP_Source_Files>
                    <RDP_Source_Files Name="Item3">Standard\_LoginForm.dfm</RDP_Source_Files>
                    <RDP_Source_Files Name="Item4">Standard\_MainForm.dfm</RDP_Source_Files>
                    <RDP_Source_Files Name="Item5">Standard\_ProgressForm.dfm</RDP_Source_Files>
                    <RDP_Source_Files Name="Item6">Standard\_StandarDMod.dfm</RDP_Source_Files>
                    <RDP_Source_Files Name="Item7">Standard\_StandarForm.dfm</RDP_Source_Files>
                    <RDP_Source_Files Name="Item8">Standard\_StandarGridForm.dfm</RDP_Source_Files>
                    <RDP_Source_Files Name="Item9">MainForm.dfm</RDP_Source_Files>
                    <RDP_Source_Files Name="Item10">Standard\_SplashForm.dfm</RDP_Source_Files>
                    <RDP_Source_Files Name="Item11">CFDIDM.dfm</RDP_Source_Files>
                    <RDP_Source_Files Name="Item12">CFDIForm.dfm</RDP_Source_Files>
                    <RDP_Source_Files Name="Item13">Win32\Debug\RH.drc</RDP_Source_Files>
                </RDP_Source_Files>
            </Delphi.Personality>
            <Deployment/>
            <Platforms>
                <Platform value="Win32">True</Platform>
                <Platform value="Win64">False</Platform>
            </Platforms>
        </BorlandProject>
        <ProjectFileVersion>12</ProjectFileVersion>
    </ProjectExtensions>
    <Import Project="$(BDS)\Bin\CodeGear.Delphi.Targets" Condition="Exists('$(BDS)\Bin\CodeGear.Delphi.Targets')"/>
    <Import Project="$(APPDATA)\Embarcadero\$(BDSAPPDATABASEDIR)\$(PRODUCTVERSION)\UserTools.proj" Condition="Exists('$(APPDATA)\Embarcadero\$(BDSAPPDATABASEDIR)\$(PRODUCTVERSION)\UserTools.proj')"/>
</Project>
